{
  "originHash" : "ae6cbd382ad4751b16f4ce8c952afb349e41d0e12bea7015d1713324e8fc7294",
  "pins" : [
    {
      "identity" : "defaults",
      "kind" : "remoteSourceControl",
      "location" : "https://github.com/sindresorhus/Defaults",
      "state" : {
        "branch" : "main",
        "revision" : "a89f799930c92a85aa04b72131849d46c0833ab3"
      }
    },
    {
      "identity" : "launchatlogin",
      "kind" : "remoteSourceControl",
      "location" : "https://github.com/sindresorhus/LaunchAtLogin",
      "state" : {
        "branch" : "main",
        "revision" : "9a894d799269cb591037f9f9cb0961510d4dca81"
      }
    },
    {
      "identity" : "luminare",
      "kind" : "remoteSourceControl",
      "location" : "https://github.com/Cement-Labs/Luminare",
      "state" : {
        "branch" : "docs",
        "revision" : "0dc3e4d26904ce51ceffd0b8ec083af6fc4a5ddc"
      }
    },
    {
      "identity" : "sfsafesymbols",
      "kind" : "remoteSourceControl",
      "location" : "https://github.com/SFSafeSymbols/SFSafeSymbols",
      "state" : {
        "revision" : "e2e28f4e56e1769c2ec3c61c9355fc64eb7a535a",
        "version" : "5.3.0"
      }
    },
    {
      "identity" : "swiftlintplugins",
      "kind" : "remoteSourceControl",
      "location" : "https://github.com/SimplyDanny/SwiftLintPlugins",
      "state" : {
        "branch" : "main",
        "revision" : "53ff980f22f9b08b1f7f6623e58b2a4ac12889fb"
      }
    },
    {
      "identity" : "swiftui-introspect",
      "kind" : "remoteSourceControl",
      "location" : "https://github.com/siteline/swiftui-introspect",
      "state" : {
        "revision" : "807f73ce09a9b9723f12385e592b4e0aaebd3336",
        "version" : "1.3.0"
      }
    }
  ],
  "version" : 3
}
