// !$*UTF8*$!
{
	archiveVersion = 1;
	classes = {
	};
	objectVersion = 70;
	objects = {

/* Begin PBXBuildFile section */
		2822C58E2BDC75DE009C71DA /* SFSafeSymbols in Frameworks */ = {isa = PBXBuildFile; productRef = 2822C58D2BDC75DE009C71DA /* SFSafeSymbols */; };
		282A34EB2C50957F000338D8 /* InfoPlist.xcstrings in Resources */ = {isa = PBXBuildFile; fileRef = 282A34EA2C50957F000338D8 /* InfoPlist.xcstrings */; };
		282D880A2AD58BEA0015111C /* Assets.xcassets in Resources */ = {isa = PBXBuildFile; fileRef = C66CABA72A38871500E4D8E6 /* Assets.xcassets */; };
		2831B15C2B751B7F0020DECD /* Defaults in Frameworks */ = {isa = PBXBuildFile; productRef = 2831B15B2B751B7F0020DECD /* Defaults */; };
		284C2C092CC9353B00A0B520 /* main.swift in Sources */ = {isa = PBXBuildFile; fileRef = 284C2C082CC9353B00A0B520 /* main.swift */; };
		2858B75F2CC4CA13004597EE /* Luminare in Frameworks */ = {isa = PBXBuildFile; productRef = 2858B75E2CC4CA13004597EE /* Luminare */; };
		287EADA52C27B48F00D64BED /* SwiftUIIntrospect in Frameworks */ = {isa = PBXBuildFile; productRef = 287EADA42C27B48F00D64BED /* SwiftUIIntrospect */; };
		28F9913C2C30D805004C76ED /* KeyboardShortcuts in Frameworks */ = {isa = PBXBuildFile; productRef = 28F9913B2C30D805004C76ED /* KeyboardShortcuts */; };
		C66CABA42A38871500E4D8E6 /* AbyssalApp.swift in Sources */ = {isa = PBXBuildFile; fileRef = C66CABA32A38871500E4D8E6 /* AbyssalApp.swift */; };
		C66F02AF2A3B5B4D00077CE3 /* LaunchAtLogin in Frameworks */ = {isa = PBXBuildFile; productRef = C66F02AE2A3B5B4D00077CE3 /* LaunchAtLogin */; };
		C69873BC2A42880C00C5E259 /* Localizable.xcstrings in Resources */ = {isa = PBXBuildFile; fileRef = C69873BB2A42880C00C5E259 /* Localizable.xcstrings */; };
/* End PBXBuildFile section */

/* Begin PBXContainerItemProxy section */
		28D46C3C2C381DC700EC6EAE /* PBXContainerItemProxy */ = {
			isa = PBXContainerItemProxy;
			containerPortal = C66CAB982A38871500E4D8E6 /* Project object */;
			proxyType = 1;
			remoteGlobalIDString = C66CAB9F2A38871500E4D8E6;
			remoteInfo = Abyssal;
		};
/* End PBXContainerItemProxy section */

/* Begin PBXFileReference section */
		281235F92CDCECD600ACA506 /* .swiftlint.yml */ = {isa = PBXFileReference; lastKnownFileType = text.yaml; path = .swiftlint.yml; sourceTree = "<group>"; };
		282A34EA2C50957F000338D8 /* InfoPlist.xcstrings */ = {isa = PBXFileReference; lastKnownFileType = text.json.xcstrings; path = InfoPlist.xcstrings; sourceTree = "<group>"; };
		284C2C082CC9353B00A0B520 /* main.swift */ = {isa = PBXFileReference; lastKnownFileType = sourcecode.swift; path = main.swift; sourceTree = "<group>"; };
		28D46C332C381BB100EC6EAE /* AbyssalTests.xctest */ = {isa = PBXFileReference; explicitFileType = wrapper.cfbundle; includeInIndex = 0; path = AbyssalTests.xctest; sourceTree = BUILT_PRODUCTS_DIR; };
		C66CABA02A38871500E4D8E6 /* Abyssal.app */ = {isa = PBXFileReference; explicitFileType = wrapper.application; includeInIndex = 0; path = Abyssal.app; sourceTree = BUILT_PRODUCTS_DIR; };
		C66CABA32A38871500E4D8E6 /* AbyssalApp.swift */ = {isa = PBXFileReference; lastKnownFileType = sourcecode.swift; path = AbyssalApp.swift; sourceTree = "<group>"; };
		C66CABA72A38871500E4D8E6 /* Assets.xcassets */ = {isa = PBXFileReference; lastKnownFileType = folder.assetcatalog; path = Assets.xcassets; sourceTree = "<group>"; };
		C66CABAC2A38871500E4D8E6 /* Abyssal.entitlements */ = {isa = PBXFileReference; lastKnownFileType = text.plist.entitlements; path = Abyssal.entitlements; sourceTree = "<group>"; };
		C69873BB2A42880C00C5E259 /* Localizable.xcstrings */ = {isa = PBXFileReference; lastKnownFileType = text.json.xcstrings; path = Localizable.xcstrings; sourceTree = "<group>"; };
/* End PBXFileReference section */

/* Begin PBXFileSystemSynchronizedRootGroup section */
		28D431EC2CDA435B0043CA4E /* Contents */ = {isa = PBXFileSystemSynchronizedRootGroup; explicitFileTypes = {}; explicitFolders = (); path = Contents; sourceTree = "<group>"; };
		28D431F32CDA43610043CA4E /* Core */ = {isa = PBXFileSystemSynchronizedRootGroup; explicitFileTypes = {}; explicitFolders = (); path = Core; sourceTree = "<group>"; };
		28D432092CDA436B0043CA4E /* Extensions */ = {isa = PBXFileSystemSynchronizedRootGroup; explicitFileTypes = {}; explicitFolders = (); path = Extensions; sourceTree = "<group>"; };
		28D432202CDA43730043CA4E /* Managers */ = {isa = PBXFileSystemSynchronizedRootGroup; explicitFileTypes = {}; explicitFolders = (); path = Managers; sourceTree = "<group>"; };
		28D432302CDA43770043CA4E /* Miscellaneous */ = {isa = PBXFileSystemSynchronizedRootGroup; explicitFileTypes = {}; explicitFolders = (); path = Miscellaneous; sourceTree = "<group>"; };
		28D4323B2CDA43790043CA4E /* Models */ = {isa = PBXFileSystemSynchronizedRootGroup; explicitFileTypes = {}; explicitFolders = (); path = Models; sourceTree = "<group>"; };
		28D432452CDA437B0043CA4E /* Settings */ = {isa = PBXFileSystemSynchronizedRootGroup; explicitFileTypes = {}; explicitFolders = (); path = Settings; sourceTree = "<group>"; };
		28D4324C2CDA437E0043CA4E /* Miscellaneous */ = {isa = PBXFileSystemSynchronizedRootGroup; explicitFileTypes = {}; explicitFolders = (); path = Miscellaneous; sourceTree = "<group>"; };
		28D432502CDA43AE0043CA4E /* Menu Bar */ = {isa = PBXFileSystemSynchronizedRootGroup; explicitFileTypes = {}; explicitFolders = (); path = "Menu Bar"; sourceTree = "<group>"; };
/* End PBXFileSystemSynchronizedRootGroup section */

/* Begin PBXFrameworksBuildPhase section */
		28D46C302C381BB100EC6EAE /* Frameworks */ = {
			isa = PBXFrameworksBuildPhase;
			buildActionMask = 2147483647;
			files = (
			);
			runOnlyForDeploymentPostprocessing = 0;
		};
		C66CAB9D2A38871500E4D8E6 /* Frameworks */ = {
			isa = PBXFrameworksBuildPhase;
			buildActionMask = 2147483647;
			files = (
				2822C58E2BDC75DE009C71DA /* SFSafeSymbols in Frameworks */,
				2858B75F2CC4CA13004597EE /* Luminare in Frameworks */,
				2831B15C2B751B7F0020DECD /* Defaults in Frameworks */,
				28F9913C2C30D805004C76ED /* KeyboardShortcuts in Frameworks */,
				C66F02AF2A3B5B4D00077CE3 /* LaunchAtLogin in Frameworks */,
				287EADA52C27B48F00D64BED /* SwiftUIIntrospect in Frameworks */,
			);
			runOnlyForDeploymentPostprocessing = 0;
		};
/* End PBXFrameworksBuildPhase section */

/* Begin PBXGroup section */
		28D46C342C381BB100EC6EAE /* AbyssalTests */ = {
			isa = PBXGroup;
			children = (
				28D4324C2CDA437E0043CA4E /* Miscellaneous */,
			);
			path = AbyssalTests;
			sourceTree = "<group>";
		};
		C66CAB972A38871500E4D8E6 = {
			isa = PBXGroup;
			children = (
				281235F92CDCECD600ACA506 /* .swiftlint.yml */,
				C66CABAC2A38871500E4D8E6 /* Abyssal.entitlements */,
				C66CABA22A38871500E4D8E6 /* Abyssal */,
				28D46C342C381BB100EC6EAE /* AbyssalTests */,
				C66CABA12A38871500E4D8E6 /* Products */,
			);
			sourceTree = "<group>";
		};
		C66CABA12A38871500E4D8E6 /* Products */ = {
			isa = PBXGroup;
			children = (
				C66CABA02A38871500E4D8E6 /* Abyssal.app */,
				28D46C332C381BB100EC6EAE /* AbyssalTests.xctest */,
			);
			name = Products;
			sourceTree = "<group>";
		};
		C66CABA22A38871500E4D8E6 /* Abyssal */ = {
			isa = PBXGroup;
			children = (
				C66CABA32A38871500E4D8E6 /* AbyssalApp.swift */,
				284C2C082CC9353B00A0B520 /* main.swift */,
				C66CABA72A38871500E4D8E6 /* Assets.xcassets */,
				282A34EA2C50957F000338D8 /* InfoPlist.xcstrings */,
				C69873BB2A42880C00C5E259 /* Localizable.xcstrings */,
				28D431EC2CDA435B0043CA4E /* Contents */,
				28D431F32CDA43610043CA4E /* Core */,
				28D432092CDA436B0043CA4E /* Extensions */,
				28D432202CDA43730043CA4E /* Managers */,
				28D432502CDA43AE0043CA4E /* Menu Bar */,
				28D432302CDA43770043CA4E /* Miscellaneous */,
				28D4323B2CDA43790043CA4E /* Models */,
				28D432452CDA437B0043CA4E /* Settings */,
			);
			path = Abyssal;
			sourceTree = "<group>";
		};
/* End PBXGroup section */

/* Begin PBXNativeTarget section */
		28D46C322C381BB100EC6EAE /* AbyssalTests */ = {
			isa = PBXNativeTarget;
			buildConfigurationList = 28D46C372C381BB100EC6EAE /* Build configuration list for PBXNativeTarget "AbyssalTests" */;
			buildPhases = (
				28D46C2F2C381BB100EC6EAE /* Sources */,
				28D46C302C381BB100EC6EAE /* Frameworks */,
				28D46C312C381BB100EC6EAE /* Resources */,
			);
			buildRules = (
			);
			dependencies = (
				281235F82CDCEC8600ACA506 /* PBXTargetDependency */,
				28D46C3D2C381DC700EC6EAE /* PBXTargetDependency */,
			);
			fileSystemSynchronizedGroups = (
				28D4324C2CDA437E0043CA4E /* Miscellaneous */,
			);
			name = AbyssalTests;
			productName = AbyssalTests;
			productReference = 28D46C332C381BB100EC6EAE /* AbyssalTests.xctest */;
			productType = "com.apple.product-type.bundle.unit-test";
		};
		C66CAB9F2A38871500E4D8E6 /* Abyssal */ = {
			isa = PBXNativeTarget;
			buildConfigurationList = C66CABAF2A38871500E4D8E6 /* Build configuration list for PBXNativeTarget "Abyssal" */;
			buildPhases = (
				C66CAB9C2A38871500E4D8E6 /* Sources */,
				C66CAB9D2A38871500E4D8E6 /* Frameworks */,
				C66CAB9E2A38871500E4D8E6 /* Resources */,
			);
			buildRules = (
			);
			dependencies = (
				281235F62CDCEC7D00ACA506 /* PBXTargetDependency */,
			);
			fileSystemSynchronizedGroups = (
				28D431EC2CDA435B0043CA4E /* Contents */,
				28D431F32CDA43610043CA4E /* Core */,
				28D432092CDA436B0043CA4E /* Extensions */,
				28D432202CDA43730043CA4E /* Managers */,
				28D432302CDA43770043CA4E /* Miscellaneous */,
				28D4323B2CDA43790043CA4E /* Models */,
				28D432452CDA437B0043CA4E /* Settings */,
				28D432502CDA43AE0043CA4E /* Menu Bar */,
			);
			name = Abyssal;
			packageProductDependencies = (
				C66F02AE2A3B5B4D00077CE3 /* LaunchAtLogin */,
				2831B15B2B751B7F0020DECD /* Defaults */,
				2822C58D2BDC75DE009C71DA /* SFSafeSymbols */,
				287EADA42C27B48F00D64BED /* SwiftUIIntrospect */,
				28F9913B2C30D805004C76ED /* KeyboardShortcuts */,
				2858B75E2CC4CA13004597EE /* Luminare */,
			);
			productName = BarStalker;
			productReference = C66CABA02A38871500E4D8E6 /* Abyssal.app */;
			productType = "com.apple.product-type.application";
		};
/* End PBXNativeTarget section */

/* Begin PBXProject section */
		C66CAB982A38871500E4D8E6 /* Project object */ = {
			isa = PBXProject;
			attributes = {
				BuildIndependentTargetsInParallel = 1;
				LastSwiftUpdateCheck = 1600;
				LastUpgradeCheck = 1600;
				TargetAttributes = {
					28D46C322C381BB100EC6EAE = {
						CreatedOnToolsVersion = 16.0;
						LastSwiftMigration = 1600;
						TestTargetID = C66CAB9F2A38871500E4D8E6;
					};
					C66CAB9F2A38871500E4D8E6 = {
						CreatedOnToolsVersion = 15.0;
					};
				};
			};
			buildConfigurationList = C66CAB9B2A38871500E4D8E6 /* Build configuration list for PBXProject "Abyssal" */;
			compatibilityVersion = "Xcode 14.0";
			developmentRegion = en;
			hasScannedForEncodings = 0;
			knownRegions = (
				en,
				Base,
				"zh-Hans",
			);
			mainGroup = C66CAB972A38871500E4D8E6;
			packageReferences = (
				C66F02AD2A3B5B4D00077CE3 /* XCRemoteSwiftPackageReference "LaunchAtLogin" */,
				2831B15A2B751B7F0020DECD /* XCRemoteSwiftPackageReference "Defaults" */,
				2822C58C2BDC75DE009C71DA /* XCRemoteSwiftPackageReference "SFSafeSymbols" */,
				287EADA32C27B48F00D64BED /* XCRemoteSwiftPackageReference "swiftui-introspect" */,
				28F9913A2C30D805004C76ED /* XCRemoteSwiftPackageReference "KeyboardShortcuts" */,
				2858B75D2CC4CA13004597EE /* XCRemoteSwiftPackageReference "Luminare" */,
				281235F42CDCEB8500ACA506 /* XCRemoteSwiftPackageReference "SwiftLintPlugins" */,
			);
			productRefGroup = C66CABA12A38871500E4D8E6 /* Products */;
			projectDirPath = "";
			projectRoot = "";
			targets = (
				C66CAB9F2A38871500E4D8E6 /* Abyssal */,
				28D46C322C381BB100EC6EAE /* AbyssalTests */,
			);
		};
/* End PBXProject section */

/* Begin PBXResourcesBuildPhase section */
		28D46C312C381BB100EC6EAE /* Resources */ = {
			isa = PBXResourcesBuildPhase;
			buildActionMask = 2147483647;
			files = (
			);
			runOnlyForDeploymentPostprocessing = 0;
		};
		C66CAB9E2A38871500E4D8E6 /* Resources */ = {
			isa = PBXResourcesBuildPhase;
			buildActionMask = 2147483647;
			files = (
				282A34EB2C50957F000338D8 /* InfoPlist.xcstrings in Resources */,
				282D880A2AD58BEA0015111C /* Assets.xcassets in Resources */,
				C69873BC2A42880C00C5E259 /* Localizable.xcstrings in Resources */,
			);
			runOnlyForDeploymentPostprocessing = 0;
		};
/* End PBXResourcesBuildPhase section */

/* Begin PBXSourcesBuildPhase section */
		28D46C2F2C381BB100EC6EAE /* Sources */ = {
			isa = PBXSourcesBuildPhase;
			buildActionMask = 2147483647;
			files = (
			);
			runOnlyForDeploymentPostprocessing = 0;
		};
		C66CAB9C2A38871500E4D8E6 /* Sources */ = {
			isa = PBXSourcesBuildPhase;
			buildActionMask = 2147483647;
			files = (
				284C2C092CC9353B00A0B520 /* main.swift in Sources */,
				C66CABA42A38871500E4D8E6 /* AbyssalApp.swift in Sources */,
			);
			runOnlyForDeploymentPostprocessing = 0;
		};
/* End PBXSourcesBuildPhase section */

/* Begin PBXTargetDependency section */
		281235F62CDCEC7D00ACA506 /* PBXTargetDependency */ = {
			isa = PBXTargetDependency;
			productRef = 281235F52CDCEC7D00ACA506 /* SwiftLintBuildToolPlugin */;
		};
		281235F82CDCEC8600ACA506 /* PBXTargetDependency */ = {
			isa = PBXTargetDependency;
			productRef = 281235F72CDCEC8600ACA506 /* SwiftLintBuildToolPlugin */;
		};
		28D46C3D2C381DC700EC6EAE /* PBXTargetDependency */ = {
			isa = PBXTargetDependency;
			target = C66CAB9F2A38871500E4D8E6 /* Abyssal */;
			targetProxy = 28D46C3C2C381DC700EC6EAE /* PBXContainerItemProxy */;
		};
/* End PBXTargetDependency section */

/* Begin XCBuildConfiguration section */
		28D46C382C381BB100EC6EAE /* Debug */ = {
			isa = XCBuildConfiguration;
			buildSettings = {
				BUNDLE_LOADER = "$(TEST_HOST)";
				CLANG_ENABLE_MODULES = YES;
				CODE_SIGN_STYLE = Automatic;
				CURRENT_PROJECT_VERSION = 1;
				DEVELOPMENT_TEAM = 7XRF3J9RS4;
				GENERATE_INFOPLIST_FILE = YES;
				IPHONEOS_DEPLOYMENT_TARGET = 18.0;
				MACOSX_DEPLOYMENT_TARGET = 14.4;
				MARKETING_VERSION = 1.0;
				PRODUCT_BUNDLE_IDENTIFIER = studio.nnn.AbyssalTests;
				PRODUCT_NAME = "$(TARGET_NAME)";
				REGISTER_APP_GROUPS = YES;
				SDKROOT = iphoneos;
				SUPPORTED_PLATFORMS = macosx;
				SUPPORTS_MACCATALYST = NO;
				SUPPORTS_MAC_DESIGNED_FOR_IPHONE_IPAD = NO;
				SUPPORTS_XR_DESIGNED_FOR_IPHONE_IPAD = NO;
				SWIFT_EMIT_LOC_STRINGS = NO;
				SWIFT_OPTIMIZATION_LEVEL = "-Onone";
				SWIFT_VERSION = 5.0;
				TEST_HOST = "$(BUILT_PRODUCTS_DIR)/Abyssal.app/$(BUNDLE_EXECUTABLE_FOLDER_PATH)/Abyssal";
			};
			name = Debug;
		};
		28D46C392C381BB100EC6EAE /* Release */ = {
			isa = XCBuildConfiguration;
			buildSettings = {
				BUNDLE_LOADER = "$(TEST_HOST)";
				CLANG_ENABLE_MODULES = YES;
				CODE_SIGN_STYLE = Automatic;
				CURRENT_PROJECT_VERSION = 1;
				DEVELOPMENT_TEAM = 7XRF3J9RS4;
				GENERATE_INFOPLIST_FILE = YES;
				IPHONEOS_DEPLOYMENT_TARGET = 18.0;
				MACOSX_DEPLOYMENT_TARGET = 14.4;
				MARKETING_VERSION = 1.0;
				PRODUCT_BUNDLE_IDENTIFIER = studio.nnn.AbyssalTests;
				PRODUCT_NAME = "$(TARGET_NAME)";
				REGISTER_APP_GROUPS = YES;
				SDKROOT = iphoneos;
				SUPPORTED_PLATFORMS = macosx;
				SUPPORTS_MACCATALYST = NO;
				SUPPORTS_MAC_DESIGNED_FOR_IPHONE_IPAD = NO;
				SUPPORTS_XR_DESIGNED_FOR_IPHONE_IPAD = NO;
				SWIFT_EMIT_LOC_STRINGS = NO;
				SWIFT_VERSION = 5.0;
				TEST_HOST = "$(BUILT_PRODUCTS_DIR)/Abyssal.app/$(BUNDLE_EXECUTABLE_FOLDER_PATH)/Abyssal";
				VALIDATE_PRODUCT = YES;
			};
			name = Release;
		};
		C66CABAD2A38871500E4D8E6 /* Debug */ = {
			isa = XCBuildConfiguration;
			buildSettings = {
				ALWAYS_SEARCH_USER_PATHS = NO;
				ASSETCATALOG_COMPILER_GENERATE_SWIFT_ASSET_SYMBOL_EXTENSIONS = YES;
				CLANG_ANALYZER_LOCALIZABILITY_NONLOCALIZED = YES;
				CLANG_ANALYZER_NONNULL = YES;
				CLANG_ANALYZER_NUMBER_OBJECT_CONVERSION = YES_AGGRESSIVE;
				CLANG_CXX_LANGUAGE_STANDARD = "gnu++20";
				CLANG_ENABLE_MODULES = YES;
				CLANG_ENABLE_OBJC_ARC = YES;
				CLANG_ENABLE_OBJC_WEAK = YES;
				CLANG_WARN_BLOCK_CAPTURE_AUTORELEASING = YES;
				CLANG_WARN_BOOL_CONVERSION = YES;
				CLANG_WARN_COMMA = YES;
				CLANG_WARN_CONSTANT_CONVERSION = YES;
				CLANG_WARN_DEPRECATED_OBJC_IMPLEMENTATIONS = YES;
				CLANG_WARN_DIRECT_OBJC_ISA_USAGE = YES_ERROR;
				CLANG_WARN_DOCUMENTATION_COMMENTS = YES;
				CLANG_WARN_EMPTY_BODY = YES;
				CLANG_WARN_ENUM_CONVERSION = YES;
				CLANG_WARN_INFINITE_RECURSION = YES;
				CLANG_WARN_INT_CONVERSION = YES;
				CLANG_WARN_NON_LITERAL_NULL_CONVERSION = YES;
				CLANG_WARN_OBJC_IMPLICIT_RETAIN_SELF = YES;
				CLANG_WARN_OBJC_LITERAL_CONVERSION = YES;
				CLANG_WARN_OBJC_ROOT_CLASS = YES_ERROR;
				CLANG_WARN_QUOTED_INCLUDE_IN_FRAMEWORK_HEADER = YES;
				CLANG_WARN_RANGE_LOOP_ANALYSIS = YES;
				CLANG_WARN_STRICT_PROTOTYPES = YES;
				CLANG_WARN_SUSPICIOUS_MOVE = YES;
				CLANG_WARN_UNGUARDED_AVAILABILITY = YES_AGGRESSIVE;
				CLANG_WARN_UNREACHABLE_CODE = YES;
				CLANG_WARN__DUPLICATE_METHOD_MATCH = YES;
				COPY_PHASE_STRIP = NO;
				DEAD_CODE_STRIPPING = YES;
				DEBUG_INFORMATION_FORMAT = dwarf;
				ENABLE_STRICT_OBJC_MSGSEND = YES;
				ENABLE_TESTABILITY = YES;
				ENABLE_USER_SCRIPT_SANDBOXING = YES;
				GCC_C_LANGUAGE_STANDARD = gnu17;
				GCC_DYNAMIC_NO_PIC = NO;
				GCC_NO_COMMON_BLOCKS = YES;
				GCC_OPTIMIZATION_LEVEL = 0;
				GCC_PREPROCESSOR_DEFINITIONS = (
					"DEBUG=1",
					"$(inherited)",
				);
				GCC_WARN_64_TO_32_BIT_CONVERSION = YES;
				GCC_WARN_ABOUT_RETURN_TYPE = YES_ERROR;
				GCC_WARN_UNDECLARED_SELECTOR = YES;
				GCC_WARN_UNINITIALIZED_AUTOS = YES_AGGRESSIVE;
				GCC_WARN_UNUSED_FUNCTION = YES;
				GCC_WARN_UNUSED_VARIABLE = YES;
				LOCALIZATION_PREFERS_STRING_CATALOGS = YES;
				MACOSX_DEPLOYMENT_TARGET = 14.0;
				MTL_ENABLE_DEBUG_INFO = INCLUDE_SOURCE;
				MTL_FAST_MATH = YES;
				ONLY_ACTIVE_ARCH = YES;
				SDKROOT = macosx;
				SWIFT_ACTIVE_COMPILATION_CONDITIONS = "DEBUG $(inherited)";
				SWIFT_EMIT_LOC_STRINGS = YES;
				SWIFT_OPTIMIZATION_LEVEL = "-Onone";
			};
			name = Debug;
		};
		C66CABAE2A38871500E4D8E6 /* Release */ = {
			isa = XCBuildConfiguration;
			buildSettings = {
				ALWAYS_SEARCH_USER_PATHS = NO;
				ASSETCATALOG_COMPILER_GENERATE_SWIFT_ASSET_SYMBOL_EXTENSIONS = YES;
				CLANG_ANALYZER_LOCALIZABILITY_NONLOCALIZED = YES;
				CLANG_ANALYZER_NONNULL = YES;
				CLANG_ANALYZER_NUMBER_OBJECT_CONVERSION = YES_AGGRESSIVE;
				CLANG_CXX_LANGUAGE_STANDARD = "gnu++20";
				CLANG_ENABLE_MODULES = YES;
				CLANG_ENABLE_OBJC_ARC = YES;
				CLANG_ENABLE_OBJC_WEAK = YES;
				CLANG_WARN_BLOCK_CAPTURE_AUTORELEASING = YES;
				CLANG_WARN_BOOL_CONVERSION = YES;
				CLANG_WARN_COMMA = YES;
				CLANG_WARN_CONSTANT_CONVERSION = YES;
				CLANG_WARN_DEPRECATED_OBJC_IMPLEMENTATIONS = YES;
				CLANG_WARN_DIRECT_OBJC_ISA_USAGE = YES_ERROR;
				CLANG_WARN_DOCUMENTATION_COMMENTS = YES;
				CLANG_WARN_EMPTY_BODY = YES;
				CLANG_WARN_ENUM_CONVERSION = YES;
				CLANG_WARN_INFINITE_RECURSION = YES;
				CLANG_WARN_INT_CONVERSION = YES;
				CLANG_WARN_NON_LITERAL_NULL_CONVERSION = YES;
				CLANG_WARN_OBJC_IMPLICIT_RETAIN_SELF = YES;
				CLANG_WARN_OBJC_LITERAL_CONVERSION = YES;
				CLANG_WARN_OBJC_ROOT_CLASS = YES_ERROR;
				CLANG_WARN_QUOTED_INCLUDE_IN_FRAMEWORK_HEADER = YES;
				CLANG_WARN_RANGE_LOOP_ANALYSIS = YES;
				CLANG_WARN_STRICT_PROTOTYPES = YES;
				CLANG_WARN_SUSPICIOUS_MOVE = YES;
				CLANG_WARN_UNGUARDED_AVAILABILITY = YES_AGGRESSIVE;
				CLANG_WARN_UNREACHABLE_CODE = YES;
				CLANG_WARN__DUPLICATE_METHOD_MATCH = YES;
				COPY_PHASE_STRIP = NO;
				DEAD_CODE_STRIPPING = YES;
				DEBUG_INFORMATION_FORMAT = "dwarf-with-dsym";
				ENABLE_NS_ASSERTIONS = NO;
				ENABLE_STRICT_OBJC_MSGSEND = YES;
				ENABLE_USER_SCRIPT_SANDBOXING = YES;
				GCC_C_LANGUAGE_STANDARD = gnu17;
				GCC_NO_COMMON_BLOCKS = YES;
				GCC_WARN_64_TO_32_BIT_CONVERSION = YES;
				GCC_WARN_ABOUT_RETURN_TYPE = YES_ERROR;
				GCC_WARN_UNDECLARED_SELECTOR = YES;
				GCC_WARN_UNINITIALIZED_AUTOS = YES_AGGRESSIVE;
				GCC_WARN_UNUSED_FUNCTION = YES;
				GCC_WARN_UNUSED_VARIABLE = YES;
				LOCALIZATION_PREFERS_STRING_CATALOGS = YES;
				MACOSX_DEPLOYMENT_TARGET = 14.0;
				MTL_ENABLE_DEBUG_INFO = NO;
				MTL_FAST_MATH = YES;
				SDKROOT = macosx;
				SWIFT_COMPILATION_MODE = wholemodule;
				SWIFT_EMIT_LOC_STRINGS = YES;
			};
			name = Release;
		};
		C66CABB02A38871500E4D8E6 /* Debug */ = {
			isa = XCBuildConfiguration;
			buildSettings = {
				ASSETCATALOG_COMPILER_APPICON_NAME = AppIcon;
				ASSETCATALOG_COMPILER_GLOBAL_ACCENT_COLOR_NAME = AccentColor;
				CODE_SIGN_ENTITLEMENTS = Abyssal.entitlements;
				"CODE_SIGN_IDENTITY[sdk=macosx*]" = "Apple Development";
				CODE_SIGN_STYLE = Automatic;
				COMBINE_HIDPI_IMAGES = YES;
				CURRENT_PROJECT_VERSION = 1;
				DEAD_CODE_STRIPPING = YES;
				DEVELOPMENT_TEAM = 7XRF3J9RS4;
				ENABLE_HARDENED_RUNTIME = YES;
				GENERATE_INFOPLIST_FILE = YES;
				INFOPLIST_FILE = Abyssal/Info.plist;
				INFOPLIST_KEY_CFBundleDisplayName = Abyssal;
				INFOPLIST_KEY_LSApplicationCategoryType = "public.app-category.utilities";
				INFOPLIST_KEY_LSUIElement = YES;
				INFOPLIST_KEY_NSHumanReadableCopyright = "\U0012Copyright © 2024 Cement Labs";
				INFOPLIST_KEY_NSPrincipalClass = NSApplication;
				LD_RUNPATH_SEARCH_PATHS = (
					"$(inherited)",
					"@executable_path/../Frameworks",
				);
				MACOSX_DEPLOYMENT_TARGET = 14.4;
				MARKETING_VERSION = 4.2.0;
				PRODUCT_BUNDLE_IDENTIFIER = labs.cement.Abyssal;
				PRODUCT_NAME = "$(TARGET_NAME)";
				SWIFT_EMIT_LOC_STRINGS = YES;
				SWIFT_VERSION = 5.0;
			};
			name = Debug;
		};
		C66CABB12A38871500E4D8E6 /* Release */ = {
			isa = XCBuildConfiguration;
			buildSettings = {
				ASSETCATALOG_COMPILER_APPICON_NAME = AppIcon;
				ASSETCATALOG_COMPILER_GLOBAL_ACCENT_COLOR_NAME = AccentColor;
				CODE_SIGN_ENTITLEMENTS = Abyssal.entitlements;
				"CODE_SIGN_IDENTITY[sdk=macosx*]" = "Apple Development";
				CODE_SIGN_STYLE = Automatic;
				COMBINE_HIDPI_IMAGES = YES;
				CURRENT_PROJECT_VERSION = 1;
				DEAD_CODE_STRIPPING = YES;
				DEVELOPMENT_TEAM = 7XRF3J9RS4;
				ENABLE_HARDENED_RUNTIME = YES;
				GENERATE_INFOPLIST_FILE = YES;
				INFOPLIST_FILE = Abyssal/Info.plist;
				INFOPLIST_KEY_CFBundleDisplayName = Abyssal;
				INFOPLIST_KEY_LSApplicationCategoryType = "public.app-category.utilities";
				INFOPLIST_KEY_LSUIElement = YES;
				INFOPLIST_KEY_NSHumanReadableCopyright = "\U0012Copyright © 2024 Cement Labs";
				INFOPLIST_KEY_NSPrincipalClass = NSApplication;
				LD_RUNPATH_SEARCH_PATHS = (
					"$(inherited)",
					"@executable_path/../Frameworks",
				);
				MACOSX_DEPLOYMENT_TARGET = 14.4;
				MARKETING_VERSION = 4.2.0;
				PRODUCT_BUNDLE_IDENTIFIER = labs.cement.Abyssal;
				PRODUCT_NAME = "$(TARGET_NAME)";
				SWIFT_EMIT_LOC_STRINGS = YES;
				SWIFT_VERSION = 5.0;
			};
			name = Release;
		};
/* End XCBuildConfiguration section */

/* Begin XCConfigurationList section */
		28D46C372C381BB100EC6EAE /* Build configuration list for PBXNativeTarget "AbyssalTests" */ = {
			isa = XCConfigurationList;
			buildConfigurations = (
				28D46C382C381BB100EC6EAE /* Debug */,
				28D46C392C381BB100EC6EAE /* Release */,
			);
			defaultConfigurationIsVisible = 0;
			defaultConfigurationName = Release;
		};
		C66CAB9B2A38871500E4D8E6 /* Build configuration list for PBXProject "Abyssal" */ = {
			isa = XCConfigurationList;
			buildConfigurations = (
				C66CABAD2A38871500E4D8E6 /* Debug */,
				C66CABAE2A38871500E4D8E6 /* Release */,
			);
			defaultConfigurationIsVisible = 0;
			defaultConfigurationName = Release;
		};
		C66CABAF2A38871500E4D8E6 /* Build configuration list for PBXNativeTarget "Abyssal" */ = {
			isa = XCConfigurationList;
			buildConfigurations = (
				C66CABB02A38871500E4D8E6 /* Debug */,
				C66CABB12A38871500E4D8E6 /* Release */,
			);
			defaultConfigurationIsVisible = 0;
			defaultConfigurationName = Release;
		};
/* End XCConfigurationList section */

/* Begin XCRemoteSwiftPackageReference section */
		281235F42CDCEB8500ACA506 /* XCRemoteSwiftPackageReference "SwiftLintPlugins" */ = {
			isa = XCRemoteSwiftPackageReference;
			repositoryURL = "https://github.com/SimplyDanny/SwiftLintPlugins";
			requirement = {
				branch = main;
				kind = branch;
			};
		};
		2822C58C2BDC75DE009C71DA /* XCRemoteSwiftPackageReference "SFSafeSymbols" */ = {
			isa = XCRemoteSwiftPackageReference;
			repositoryURL = "https://github.com/SFSafeSymbols/SFSafeSymbols";
			requirement = {
				kind = upToNextMajorVersion;
				minimumVersion = 5.2.0;
			};
		};
		2831B15A2B751B7F0020DECD /* XCRemoteSwiftPackageReference "Defaults" */ = {
			isa = XCRemoteSwiftPackageReference;
			repositoryURL = "https://github.com/sindresorhus/Defaults";
			requirement = {
				branch = main;
				kind = branch;
			};
		};
		2858B75D2CC4CA13004597EE /* XCRemoteSwiftPackageReference "Luminare" */ = {
			isa = XCRemoteSwiftPackageReference;
			repositoryURL = "https://github.com/Cement-Labs/Luminare";
			requirement = {
				branch = docs;
				kind = branch;
			};
		};
		287EADA32C27B48F00D64BED /* XCRemoteSwiftPackageReference "swiftui-introspect" */ = {
			isa = XCRemoteSwiftPackageReference;
			repositoryURL = "https://github.com/siteline/swiftui-introspect";
			requirement = {
				kind = upToNextMajorVersion;
				minimumVersion = 1.2.0;
			};
		};
		28F9913A2C30D805004C76ED /* XCRemoteSwiftPackageReference "KeyboardShortcuts" */ = {
			isa = XCRemoteSwiftPackageReference;
			repositoryURL = "https://github.com/sindresorhus/KeyboardShortcuts";
			requirement = {
				kind = upToNextMajorVersion;
				minimumVersion = 2.0.1;
			};
		};
		C66F02AD2A3B5B4D00077CE3 /* XCRemoteSwiftPackageReference "LaunchAtLogin" */ = {
			isa = XCRemoteSwiftPackageReference;
			repositoryURL = "https://github.com/sindresorhus/LaunchAtLogin";
			requirement = {
				branch = main;
				kind = branch;
			};
		};
/* End XCRemoteSwiftPackageReference section */

/* Begin XCSwiftPackageProductDependency section */
		281235F52CDCEC7D00ACA506 /* SwiftLintBuildToolPlugin */ = {
			isa = XCSwiftPackageProductDependency;
			package = 281235F42CDCEB8500ACA506 /* XCRemoteSwiftPackageReference "SwiftLintPlugins" */;
			productName = "plugin:SwiftLintBuildToolPlugin";
		};
		281235F72CDCEC8600ACA506 /* SwiftLintBuildToolPlugin */ = {
			isa = XCSwiftPackageProductDependency;
			package = 281235F42CDCEB8500ACA506 /* XCRemoteSwiftPackageReference "SwiftLintPlugins" */;
			productName = "plugin:SwiftLintBuildToolPlugin";
		};
		2822C58D2BDC75DE009C71DA /* SFSafeSymbols */ = {
			isa = XCSwiftPackageProductDependency;
			package = 2822C58C2BDC75DE009C71DA /* XCRemoteSwiftPackageReference "SFSafeSymbols" */;
			productName = SFSafeSymbols;
		};
		2831B15B2B751B7F0020DECD /* Defaults */ = {
			isa = XCSwiftPackageProductDependency;
			package = 2831B15A2B751B7F0020DECD /* XCRemoteSwiftPackageReference "Defaults" */;
			productName = Defaults;
		};
		2858B75E2CC4CA13004597EE /* Luminare */ = {
			isa = XCSwiftPackageProductDependency;
			package = 2858B75D2CC4CA13004597EE /* XCRemoteSwiftPackageReference "Luminare" */;
			productName = Luminare;
		};
		287EADA42C27B48F00D64BED /* SwiftUIIntrospect */ = {
			isa = XCSwiftPackageProductDependency;
			package = 287EADA32C27B48F00D64BED /* XCRemoteSwiftPackageReference "swiftui-introspect" */;
			productName = SwiftUIIntrospect;
		};
		28F9913B2C30D805004C76ED /* KeyboardShortcuts */ = {
			isa = XCSwiftPackageProductDependency;
			package = 28F9913A2C30D805004C76ED /* XCRemoteSwiftPackageReference "KeyboardShortcuts" */;
			productName = KeyboardShortcuts;
		};
		C66F02AE2A3B5B4D00077CE3 /* LaunchAtLogin */ = {
			isa = XCSwiftPackageProductDependency;
			package = C66F02AD2A3B5B4D00077CE3 /* XCRemoteSwiftPackageReference "LaunchAtLogin" */;
			productName = LaunchAtLogin;
		};
/* End XCSwiftPackageProductDependency section */
	};
	rootObject = C66CAB982A38871500E4D8E6 /* Project object */;
}
