// !$*UTF8*$!
{
	archiveVersion = 1;
	classes = {
	};
	objectVersion = 56;
	objects = {

/* Begin PBXBuildFile section */
		2822C58E2BDC75DE009C71DA /* SFSafeSymbols in Frameworks */ = {isa = PBXBuildFile; productRef = 2822C58D2BDC75DE009C71DA /* SFSafeSymbols */; };
		2822C5902BDC7748009C71DA /* Icon.swift in Sources */ = {isa = PBXBuildFile; fileRef = 2822C58F2BDC7748009C71DA /* Icon.swift */; };
		282CB7202C283B7600AF381D /* EmptyFormWrapper.swift in Sources */ = {isa = PBXBuildFile; fileRef = 282CB71F2C283B7600AF381D /* EmptyFormWrapper.swift */; };
		282CB7222C2844B700AF381D /* SpacingVStack.swift in Sources */ = {isa = PBXBuildFile; fileRef = 282CB7212C2844B700AF381D /* SpacingVStack.swift */; };
		282D880A2AD58BEA0015111C /* Assets.xcassets in Resources */ = {isa = PBXBuildFile; fileRef = C66CABA72A38871500E4D8E6 /* Assets.xcassets */; };
		282E928A2C27C25000C21EE5 /* Tip.swift in Sources */ = {isa = PBXBuildFile; fileRef = 282E92892C27C25000C21EE5 /* Tip.swift */; };
		282E928C2C27CA9100C21EE5 /* ObservationTrackingStream.swift in Sources */ = {isa = PBXBuildFile; fileRef = 282E928B2C27CA9100C21EE5 /* ObservationTrackingStream.swift */; };
		282E92912C27D75E00C21EE5 /* TimeFormat.swift in Sources */ = {isa = PBXBuildFile; fileRef = 282E92902C27D75E00C21EE5 /* TimeFormat.swift */; };
		2831B15C2B751B7F0020DECD /* Defaults in Frameworks */ = {isa = PBXBuildFile; productRef = 2831B15B2B751B7F0020DECD /* Defaults */; };
		2831B15E2B751B990020DECD /* Defaults+Extensions.swift in Sources */ = {isa = PBXBuildFile; fileRef = 2831B15D2B751B990020DECD /* Defaults+Extensions.swift */; };
		2831B1602B7521890020DECD /* Defaults+Structures.swift in Sources */ = {isa = PBXBuildFile; fileRef = 2831B15F2B7521890020DECD /* Defaults+Structures.swift */; };
		283A1ECC2C2EE00E00A34C0A /* main.swift in Sources */ = {isa = PBXBuildFile; fileRef = 283A1ECB2C2EE00E00A34C0A /* main.swift */; };
		2840D70D2C2679F50087EE50 /* Bool+Extensions.swift in Sources */ = {isa = PBXBuildFile; fileRef = 2840D70C2C2679F50087EE50 /* Bool+Extensions.swift */; };
		2840D70F2C267ECB0087EE50 /* ModifierSection.swift in Sources */ = {isa = PBXBuildFile; fileRef = 2840D70E2C267ECB0087EE50 /* ModifierSection.swift */; };
		2840D7112C267EE00087EE50 /* AdvancedSection.swift in Sources */ = {isa = PBXBuildFile; fileRef = 2840D7102C267EE00087EE50 /* AdvancedSection.swift */; };
		2840D7132C267EE90087EE50 /* GeneralSection.swift in Sources */ = {isa = PBXBuildFile; fileRef = 2840D7122C267EE90087EE50 /* GeneralSection.swift */; };
		2840D7152C267F350087EE50 /* SettingsTrafficsView.swift in Sources */ = {isa = PBXBuildFile; fileRef = 2840D7142C267F350087EE50 /* SettingsTrafficsView.swift */; };
		284250102C253F79008FEE08 /* SettingsView.swift in Sources */ = {isa = PBXBuildFile; fileRef = 2842500F2C253F79008FEE08 /* SettingsView.swift */; };
		284250152C2547F1008FEE08 /* SettingsViewController.swift in Sources */ = {isa = PBXBuildFile; fileRef = 284250142C2547F1008FEE08 /* SettingsViewController.swift */; };
		284630132C27A5B500A44198 /* ActivationPolicyManager.swift in Sources */ = {isa = PBXBuildFile; fileRef = 284630122C27A5B500A44198 /* ActivationPolicyManager.swift */; };
		284D6CB12C3044CF00DBEBE3 /* RespectNotchControl.swift in Sources */ = {isa = PBXBuildFile; fileRef = 284D6CB02C3044CF00DBEBE3 /* RespectNotchControl.swift */; };
		284E2FE32C2F95D300BB582C /* Range+Extensions.swift in Sources */ = {isa = PBXBuildFile; fileRef = 284E2FE22C2F95D300BB582C /* Range+Extensions.swift */; };
		284E2FE52C2F9A5C00BB582C /* UnitFormat.swift in Sources */ = {isa = PBXBuildFile; fileRef = 284E2FE42C2F9A5C00BB582C /* UnitFormat.swift */; };
		284E2FE72C2F9B9100BB582C /* Formattable.swift in Sources */ = {isa = PBXBuildFile; fileRef = 284E2FE62C2F9B9100BB582C /* Formattable.swift */; };
		284E2FF52C2FAB8900BB582C /* EnvironmentValues+Extention.swift in Sources */ = {isa = PBXBuildFile; fileRef = 284E2FF42C2FAB8900BB582C /* EnvironmentValues+Extention.swift */; };
		284E2FF82C2FB1A200BB582C /* ActiveStrategyControl.swift in Sources */ = {isa = PBXBuildFile; fileRef = 284E2FF72C2FB1A200BB582C /* ActiveStrategyControl.swift */; };
		284E2FFA2C2FB20600BB582C /* StartsWithMacOSControl.swift in Sources */ = {isa = PBXBuildFile; fileRef = 284E2FF92C2FB20600BB582C /* StartsWithMacOSControl.swift */; };
		284E2FFC2C2FB2BC00BB582C /* TimeoutControl.swift in Sources */ = {isa = PBXBuildFile; fileRef = 284E2FFB2C2FB2BC00BB582C /* TimeoutControl.swift */; };
		284E2FFE2C2FB32F00BB582C /* ThemeControl.swift in Sources */ = {isa = PBXBuildFile; fileRef = 284E2FFD2C2FB32F00BB582C /* ThemeControl.swift */; };
		284E30002C2FB3AC00BB582C /* FeedbackControl.swift in Sources */ = {isa = PBXBuildFile; fileRef = 284E2FFF2C2FB3AC00BB582C /* FeedbackControl.swift */; };
		284E30022C2FB42400BB582C /* AutoShowsControl.swift in Sources */ = {isa = PBXBuildFile; fileRef = 284E30012C2FB42400BB582C /* AutoShowsControl.swift */; };
		284E30042C2FB45700BB582C /* AlwaysHideAreaControl.swift in Sources */ = {isa = PBXBuildFile; fileRef = 284E30032C2FB45700BB582C /* AlwaysHideAreaControl.swift */; };
		284E30062C2FB48E00BB582C /* DeadZoneControl.swift in Sources */ = {isa = PBXBuildFile; fileRef = 284E30052C2FB48E00BB582C /* DeadZoneControl.swift */; };
		284E30082C2FBA4300BB582C /* TipDeadZoneTitle.swift in Sources */ = {isa = PBXBuildFile; fileRef = 284E30072C2FBA4300BB582C /* TipDeadZoneTitle.swift */; };
		284E300A2C2FC48000BB582C /* Double+Extensions.swift in Sources */ = {isa = PBXBuildFile; fileRef = 284E30092C2FC48000BB582C /* Double+Extensions.swift */; };
		2852BDE92AD97A0E00AA8AD1 /* NSSlider+Extension.swift in Sources */ = {isa = PBXBuildFile; fileRef = 2852BDE82AD97A0E00AA8AD1 /* NSSlider+Extension.swift */; };
		28743ED72C28F09500366A69 /* FunctionsSection.swift in Sources */ = {isa = PBXBuildFile; fileRef = 28743ED62C28F09500366A69 /* FunctionsSection.swift */; };
		28743ED92C28F0F900366A69 /* BehaviorsSection.swift in Sources */ = {isa = PBXBuildFile; fileRef = 28743ED82C28F0F900366A69 /* BehaviorsSection.swift */; };
		287B85CB2C29A606001FD729 /* ScreenManager.swift in Sources */ = {isa = PBXBuildFile; fileRef = 287B85CA2C29A606001FD729 /* ScreenManager.swift */; };
		287B85CD2C29A643001FD729 /* KeyboardManager.swift in Sources */ = {isa = PBXBuildFile; fileRef = 287B85CC2C29A643001FD729 /* KeyboardManager.swift */; };
		287B85CF2C29A676001FD729 /* MouseManager.swift in Sources */ = {isa = PBXBuildFile; fileRef = 287B85CE2C29A676001FD729 /* MouseManager.swift */; };
		287B85D22C29A6A0001FD729 /* VersionManager.swift in Sources */ = {isa = PBXBuildFile; fileRef = 287B85D12C29A6A0001FD729 /* VersionManager.swift */; };
		287B85D52C29A707001FD729 /* MathHelper.swift in Sources */ = {isa = PBXBuildFile; fileRef = 287B85D42C29A707001FD729 /* MathHelper.swift */; };
		287B85D92C29A888001FD729 /* URL+Extensions.swift in Sources */ = {isa = PBXBuildFile; fileRef = 287B85D82C29A888001FD729 /* URL+Extensions.swift */; };
		287EADA52C27B48F00D64BED /* SwiftUIIntrospect in Frameworks */ = {isa = PBXBuildFile; productRef = 287EADA42C27B48F00D64BED /* SwiftUIIntrospect */; };
		28925BAE2C27F00C008FCC69 /* TipWrapper.swift in Sources */ = {isa = PBXBuildFile; fileRef = 28925BAD2C27F00C008FCC69 /* TipWrapper.swift */; };
		28ACE7872AE9490700DC8C1A /* Separator.swift in Sources */ = {isa = PBXBuildFile; fileRef = 28ACE7862AE9490700DC8C1A /* Separator.swift */; };
		28C4AC032C270C9B006AFF87 /* SettingsVersionView.swift in Sources */ = {isa = PBXBuildFile; fileRef = 28C4AC022C270C9B006AFF87 /* SettingsVersionView.swift */; };
		28C90F6A2C26D394000AC2E3 /* Box.swift in Sources */ = {isa = PBXBuildFile; fileRef = 28C90F692C26D394000AC2E3 /* Box.swift */; };
		28C90F702C270614000AC2E3 /* Bundle+Extensions.swift in Sources */ = {isa = PBXBuildFile; fileRef = 28C90F6F2C270614000AC2E3 /* Bundle+Extensions.swift */; };
		28CAF5552C297093002BD78C /* TipTitle.swift in Sources */ = {isa = PBXBuildFile; fileRef = 28CAF5542C297093002BD78C /* TipTitle.swift */; };
		28CAF5572C297768002BD78C /* TipFeedbackTitle.swift in Sources */ = {isa = PBXBuildFile; fileRef = 28CAF5562C297768002BD78C /* TipFeedbackTitle.swift */; };
		28CAF5592C297809002BD78C /* TipTimeoutTitle.swift in Sources */ = {isa = PBXBuildFile; fileRef = 28CAF5582C297809002BD78C /* TipTimeoutTitle.swift */; };
		28CB53A52C2B938300F32A71 /* AppManager.swift in Sources */ = {isa = PBXBuildFile; fileRef = 28CB53A42C2B938300F32A71 /* AppManager.swift */; };
		28E929252C30169400847A67 /* NSScreen+Extensions.swift in Sources */ = {isa = PBXBuildFile; fileRef = 28E929242C30169400847A67 /* NSScreen+Extensions.swift */; };
		28F9913C2C30D805004C76ED /* KeyboardShortcuts in Frameworks */ = {isa = PBXBuildFile; productRef = 28F9913B2C30D805004C76ED /* KeyboardShortcuts */; };
		28F9913E2C30D929004C76ED /* KeyboardShortcuts+Extensions.swift in Sources */ = {isa = PBXBuildFile; fileRef = 28F9913D2C30D929004C76ED /* KeyboardShortcuts+Extensions.swift */; };
		28F991402C30D9D2004C76ED /* ShortcutsControl.swift in Sources */ = {isa = PBXBuildFile; fileRef = 28F9913F2C30D9D2004C76ED /* ShortcutsControl.swift */; };
		28F991422C30DE71004C76ED /* ShortcutsSection.swift in Sources */ = {isa = PBXBuildFile; fileRef = 28F991412C30DE71004C76ED /* ShortcutsSection.swift */; };
		28F991442C30F83B004C76ED /* WindowInfo.swift in Sources */ = {isa = PBXBuildFile; fileRef = 28F991432C30F83B004C76ED /* WindowInfo.swift */; };
		28F991462C30F872004C76ED /* ExternalMenuBarManager.swift in Sources */ = {isa = PBXBuildFile; fileRef = 28F991452C30F872004C76ED /* ExternalMenuBarManager.swift */; };
		C63B40532A4060E400BCAE79 /* NSStatusItem+Extension.swift in Sources */ = {isa = PBXBuildFile; fileRef = C63B40522A4060E400BCAE79 /* NSStatusItem+Extension.swift */; };
		C66CABA42A38871500E4D8E6 /* AppDelegate.swift in Sources */ = {isa = PBXBuildFile; fileRef = C66CABA32A38871500E4D8E6 /* AppDelegate.swift */; };
		C66CABB72A389F2500E4D8E6 /* EventMonitor.swift in Sources */ = {isa = PBXBuildFile; fileRef = C66CABB62A389F2500E4D8E6 /* EventMonitor.swift */; };
		C66F02AF2A3B5B4D00077CE3 /* LaunchAtLogin in Frameworks */ = {isa = PBXBuildFile; productRef = C66F02AE2A3B5B4D00077CE3 /* LaunchAtLogin */; };
		C69873BC2A42880C00C5E259 /* Localizable.xcstrings in Resources */ = {isa = PBXBuildFile; fileRef = C69873BB2A42880C00C5E259 /* Localizable.xcstrings */; };
		C6B3E79B2A3D83C400B650BC /* NSRect+Extension.swift in Sources */ = {isa = PBXBuildFile; fileRef = C6B3E79A2A3D83C400B650BC /* NSRect+Extension.swift */; };
		C6CDD0622A3F2F9000ED97F0 /* Theme.swift in Sources */ = {isa = PBXBuildFile; fileRef = C6CDD0612A3F2F9000ED97F0 /* Theme.swift */; };
		C6DEC52A2A38BF6C00943448 /* StatusBarController.swift in Sources */ = {isa = PBXBuildFile; fileRef = C6DEC5292A38BF6C00943448 /* StatusBarController.swift */; };
		C6DEC53D2A3A0E8900943448 /* StatusBarController+Animations.swift in Sources */ = {isa = PBXBuildFile; fileRef = C6DEC53C2A3A0E8900943448 /* StatusBarController+Animations.swift */; };
		C6E2C0302A3EE9F1007D4E1B /* StatusBarController+StateManagers.swift in Sources */ = {isa = PBXBuildFile; fileRef = C6E2C02F2A3EE9F1007D4E1B /* StatusBarController+StateManagers.swift */; };
/* End PBXBuildFile section */

/* Begin PBXFileReference section */
		2822C58F2BDC7748009C71DA /* Icon.swift */ = {isa = PBXFileReference; lastKnownFileType = sourcecode.swift; path = Icon.swift; sourceTree = "<group>"; };
		282CB71F2C283B7600AF381D /* EmptyFormWrapper.swift */ = {isa = PBXFileReference; lastKnownFileType = sourcecode.swift; path = EmptyFormWrapper.swift; sourceTree = "<group>"; };
		282CB7212C2844B700AF381D /* SpacingVStack.swift */ = {isa = PBXFileReference; lastKnownFileType = sourcecode.swift; path = SpacingVStack.swift; sourceTree = "<group>"; };
		282E92892C27C25000C21EE5 /* Tip.swift */ = {isa = PBXFileReference; lastKnownFileType = sourcecode.swift; path = Tip.swift; sourceTree = "<group>"; };
		282E928B2C27CA9100C21EE5 /* ObservationTrackingStream.swift */ = {isa = PBXFileReference; lastKnownFileType = sourcecode.swift; path = ObservationTrackingStream.swift; sourceTree = "<group>"; };
		282E92902C27D75E00C21EE5 /* TimeFormat.swift */ = {isa = PBXFileReference; lastKnownFileType = sourcecode.swift; path = TimeFormat.swift; sourceTree = "<group>"; };
		2831B15D2B751B990020DECD /* Defaults+Extensions.swift */ = {isa = PBXFileReference; lastKnownFileType = sourcecode.swift; path = "Defaults+Extensions.swift"; sourceTree = "<group>"; };
		2831B15F2B7521890020DECD /* Defaults+Structures.swift */ = {isa = PBXFileReference; lastKnownFileType = sourcecode.swift; path = "Defaults+Structures.swift"; sourceTree = "<group>"; };
		283A1ECB2C2EE00E00A34C0A /* main.swift */ = {isa = PBXFileReference; lastKnownFileType = sourcecode.swift; path = main.swift; sourceTree = "<group>"; };
		2840D70C2C2679F50087EE50 /* Bool+Extensions.swift */ = {isa = PBXFileReference; lastKnownFileType = sourcecode.swift; path = "Bool+Extensions.swift"; sourceTree = "<group>"; };
		2840D70E2C267ECB0087EE50 /* ModifierSection.swift */ = {isa = PBXFileReference; lastKnownFileType = sourcecode.swift; path = ModifierSection.swift; sourceTree = "<group>"; };
		2840D7102C267EE00087EE50 /* AdvancedSection.swift */ = {isa = PBXFileReference; lastKnownFileType = sourcecode.swift; path = AdvancedSection.swift; sourceTree = "<group>"; };
		2840D7122C267EE90087EE50 /* GeneralSection.swift */ = {isa = PBXFileReference; lastKnownFileType = sourcecode.swift; path = GeneralSection.swift; sourceTree = "<group>"; };
		2840D7142C267F350087EE50 /* SettingsTrafficsView.swift */ = {isa = PBXFileReference; lastKnownFileType = sourcecode.swift; path = SettingsTrafficsView.swift; sourceTree = "<group>"; };
		2842500F2C253F79008FEE08 /* SettingsView.swift */ = {isa = PBXFileReference; lastKnownFileType = sourcecode.swift; path = SettingsView.swift; sourceTree = "<group>"; };
		284250142C2547F1008FEE08 /* SettingsViewController.swift */ = {isa = PBXFileReference; lastKnownFileType = sourcecode.swift; path = SettingsViewController.swift; sourceTree = "<group>"; };
		284630122C27A5B500A44198 /* ActivationPolicyManager.swift */ = {isa = PBXFileReference; lastKnownFileType = sourcecode.swift; path = ActivationPolicyManager.swift; sourceTree = "<group>"; };
		284D6CB02C3044CF00DBEBE3 /* RespectNotchControl.swift */ = {isa = PBXFileReference; lastKnownFileType = sourcecode.swift; path = RespectNotchControl.swift; sourceTree = "<group>"; };
		284E2FE22C2F95D300BB582C /* Range+Extensions.swift */ = {isa = PBXFileReference; lastKnownFileType = sourcecode.swift; path = "Range+Extensions.swift"; sourceTree = "<group>"; };
		284E2FE42C2F9A5C00BB582C /* UnitFormat.swift */ = {isa = PBXFileReference; lastKnownFileType = sourcecode.swift; path = UnitFormat.swift; sourceTree = "<group>"; };
		284E2FE62C2F9B9100BB582C /* Formattable.swift */ = {isa = PBXFileReference; lastKnownFileType = sourcecode.swift; path = Formattable.swift; sourceTree = "<group>"; };
		284E2FF42C2FAB8900BB582C /* EnvironmentValues+Extention.swift */ = {isa = PBXFileReference; lastKnownFileType = sourcecode.swift; path = "EnvironmentValues+Extention.swift"; sourceTree = "<group>"; };
		284E2FF72C2FB1A200BB582C /* ActiveStrategyControl.swift */ = {isa = PBXFileReference; lastKnownFileType = sourcecode.swift; path = ActiveStrategyControl.swift; sourceTree = "<group>"; };
		284E2FF92C2FB20600BB582C /* StartsWithMacOSControl.swift */ = {isa = PBXFileReference; lastKnownFileType = sourcecode.swift; path = StartsWithMacOSControl.swift; sourceTree = "<group>"; };
		284E2FFB2C2FB2BC00BB582C /* TimeoutControl.swift */ = {isa = PBXFileReference; lastKnownFileType = sourcecode.swift; path = TimeoutControl.swift; sourceTree = "<group>"; };
		284E2FFD2C2FB32F00BB582C /* ThemeControl.swift */ = {isa = PBXFileReference; lastKnownFileType = sourcecode.swift; path = ThemeControl.swift; sourceTree = "<group>"; };
		284E2FFF2C2FB3AC00BB582C /* FeedbackControl.swift */ = {isa = PBXFileReference; lastKnownFileType = sourcecode.swift; path = FeedbackControl.swift; sourceTree = "<group>"; };
		284E30012C2FB42400BB582C /* AutoShowsControl.swift */ = {isa = PBXFileReference; lastKnownFileType = sourcecode.swift; path = AutoShowsControl.swift; sourceTree = "<group>"; };
		284E30032C2FB45700BB582C /* AlwaysHideAreaControl.swift */ = {isa = PBXFileReference; lastKnownFileType = sourcecode.swift; path = AlwaysHideAreaControl.swift; sourceTree = "<group>"; };
		284E30052C2FB48E00BB582C /* DeadZoneControl.swift */ = {isa = PBXFileReference; lastKnownFileType = sourcecode.swift; path = DeadZoneControl.swift; sourceTree = "<group>"; };
		284E30072C2FBA4300BB582C /* TipDeadZoneTitle.swift */ = {isa = PBXFileReference; lastKnownFileType = sourcecode.swift; path = TipDeadZoneTitle.swift; sourceTree = "<group>"; };
		284E30092C2FC48000BB582C /* Double+Extensions.swift */ = {isa = PBXFileReference; lastKnownFileType = sourcecode.swift; path = "Double+Extensions.swift"; sourceTree = "<group>"; };
		2852BDE82AD97A0E00AA8AD1 /* NSSlider+Extension.swift */ = {isa = PBXFileReference; lastKnownFileType = sourcecode.swift; path = "NSSlider+Extension.swift"; sourceTree = "<group>"; };
		28743ED62C28F09500366A69 /* FunctionsSection.swift */ = {isa = PBXFileReference; lastKnownFileType = sourcecode.swift; path = FunctionsSection.swift; sourceTree = "<group>"; };
		28743ED82C28F0F900366A69 /* BehaviorsSection.swift */ = {isa = PBXFileReference; lastKnownFileType = sourcecode.swift; path = BehaviorsSection.swift; sourceTree = "<group>"; };
		287B85CA2C29A606001FD729 /* ScreenManager.swift */ = {isa = PBXFileReference; lastKnownFileType = sourcecode.swift; path = ScreenManager.swift; sourceTree = "<group>"; };
		287B85CC2C29A643001FD729 /* KeyboardManager.swift */ = {isa = PBXFileReference; lastKnownFileType = sourcecode.swift; path = KeyboardManager.swift; sourceTree = "<group>"; };
		287B85CE2C29A676001FD729 /* MouseManager.swift */ = {isa = PBXFileReference; lastKnownFileType = sourcecode.swift; path = MouseManager.swift; sourceTree = "<group>"; };
		287B85D12C29A6A0001FD729 /* VersionManager.swift */ = {isa = PBXFileReference; lastKnownFileType = sourcecode.swift; path = VersionManager.swift; sourceTree = "<group>"; };
		287B85D42C29A707001FD729 /* MathHelper.swift */ = {isa = PBXFileReference; lastKnownFileType = sourcecode.swift; path = MathHelper.swift; sourceTree = "<group>"; };
		287B85D82C29A888001FD729 /* URL+Extensions.swift */ = {isa = PBXFileReference; lastKnownFileType = sourcecode.swift; path = "URL+Extensions.swift"; sourceTree = "<group>"; };
		28925BAD2C27F00C008FCC69 /* TipWrapper.swift */ = {isa = PBXFileReference; lastKnownFileType = sourcecode.swift; path = TipWrapper.swift; sourceTree = "<group>"; };
		28ACE7862AE9490700DC8C1A /* Separator.swift */ = {isa = PBXFileReference; lastKnownFileType = sourcecode.swift; path = Separator.swift; sourceTree = "<group>"; };
		28C4AC022C270C9B006AFF87 /* SettingsVersionView.swift */ = {isa = PBXFileReference; lastKnownFileType = sourcecode.swift; path = SettingsVersionView.swift; sourceTree = "<group>"; };
		28C90F692C26D394000AC2E3 /* Box.swift */ = {isa = PBXFileReference; lastKnownFileType = sourcecode.swift; path = Box.swift; sourceTree = "<group>"; };
		28C90F6F2C270614000AC2E3 /* Bundle+Extensions.swift */ = {isa = PBXFileReference; lastKnownFileType = sourcecode.swift; path = "Bundle+Extensions.swift"; sourceTree = "<group>"; };
		28CAF5542C297093002BD78C /* TipTitle.swift */ = {isa = PBXFileReference; lastKnownFileType = sourcecode.swift; path = TipTitle.swift; sourceTree = "<group>"; };
		28CAF5562C297768002BD78C /* TipFeedbackTitle.swift */ = {isa = PBXFileReference; lastKnownFileType = sourcecode.swift; path = TipFeedbackTitle.swift; sourceTree = "<group>"; };
		28CAF5582C297809002BD78C /* TipTimeoutTitle.swift */ = {isa = PBXFileReference; lastKnownFileType = sourcecode.swift; path = TipTimeoutTitle.swift; sourceTree = "<group>"; };
		28CB53A42C2B938300F32A71 /* AppManager.swift */ = {isa = PBXFileReference; lastKnownFileType = sourcecode.swift; path = AppManager.swift; sourceTree = "<group>"; };
		28E929242C30169400847A67 /* NSScreen+Extensions.swift */ = {isa = PBXFileReference; lastKnownFileType = sourcecode.swift; path = "NSScreen+Extensions.swift"; sourceTree = "<group>"; };
		28F9913D2C30D929004C76ED /* KeyboardShortcuts+Extensions.swift */ = {isa = PBXFileReference; lastKnownFileType = sourcecode.swift; path = "KeyboardShortcuts+Extensions.swift"; sourceTree = "<group>"; };
		28F9913F2C30D9D2004C76ED /* ShortcutsControl.swift */ = {isa = PBXFileReference; lastKnownFileType = sourcecode.swift; path = ShortcutsControl.swift; sourceTree = "<group>"; };
		28F991412C30DE71004C76ED /* ShortcutsSection.swift */ = {isa = PBXFileReference; lastKnownFileType = sourcecode.swift; path = ShortcutsSection.swift; sourceTree = "<group>"; };
		28F991432C30F83B004C76ED /* WindowInfo.swift */ = {isa = PBXFileReference; lastKnownFileType = sourcecode.swift; path = WindowInfo.swift; sourceTree = "<group>"; };
		28F991452C30F872004C76ED /* ExternalMenuBarManager.swift */ = {isa = PBXFileReference; lastKnownFileType = sourcecode.swift; path = ExternalMenuBarManager.swift; sourceTree = "<group>"; };
		C63B40522A4060E400BCAE79 /* NSStatusItem+Extension.swift */ = {isa = PBXFileReference; lastKnownFileType = sourcecode.swift; path = "NSStatusItem+Extension.swift"; sourceTree = "<group>"; };
		C66CABA02A38871500E4D8E6 /* Abyssal.app */ = {isa = PBXFileReference; explicitFileType = wrapper.application; includeInIndex = 0; path = Abyssal.app; sourceTree = BUILT_PRODUCTS_DIR; };
		C66CABA32A38871500E4D8E6 /* AppDelegate.swift */ = {isa = PBXFileReference; lastKnownFileType = sourcecode.swift; path = AppDelegate.swift; sourceTree = "<group>"; };
		C66CABA72A38871500E4D8E6 /* Assets.xcassets */ = {isa = PBXFileReference; lastKnownFileType = folder.assetcatalog; path = Assets.xcassets; sourceTree = "<group>"; };
		C66CABAC2A38871500E4D8E6 /* Abyssal.entitlements */ = {isa = PBXFileReference; lastKnownFileType = text.plist.entitlements; path = Abyssal.entitlements; sourceTree = "<group>"; };
		C66CABB62A389F2500E4D8E6 /* EventMonitor.swift */ = {isa = PBXFileReference; lastKnownFileType = sourcecode.swift; path = EventMonitor.swift; sourceTree = "<group>"; };
		C69873BB2A42880C00C5E259 /* Localizable.xcstrings */ = {isa = PBXFileReference; lastKnownFileType = text.json.xcstrings; path = Localizable.xcstrings; sourceTree = "<group>"; };
		C6B3E79A2A3D83C400B650BC /* NSRect+Extension.swift */ = {isa = PBXFileReference; lastKnownFileType = sourcecode.swift; path = "NSRect+Extension.swift"; sourceTree = "<group>"; };
		C6CDD0612A3F2F9000ED97F0 /* Theme.swift */ = {isa = PBXFileReference; lastKnownFileType = sourcecode.swift; path = Theme.swift; sourceTree = "<group>"; };
		C6DEC5292A38BF6C00943448 /* StatusBarController.swift */ = {isa = PBXFileReference; lastKnownFileType = sourcecode.swift; path = StatusBarController.swift; sourceTree = "<group>"; };
		C6DEC53C2A3A0E8900943448 /* StatusBarController+Animations.swift */ = {isa = PBXFileReference; lastKnownFileType = sourcecode.swift; path = "StatusBarController+Animations.swift"; sourceTree = "<group>"; };
		C6E2C02F2A3EE9F1007D4E1B /* StatusBarController+StateManagers.swift */ = {isa = PBXFileReference; lastKnownFileType = sourcecode.swift; path = "StatusBarController+StateManagers.swift"; sourceTree = "<group>"; };
/* End PBXFileReference section */

/* Begin PBXFrameworksBuildPhase section */
		C66CAB9D2A38871500E4D8E6 /* Frameworks */ = {
			isa = PBXFrameworksBuildPhase;
			buildActionMask = 2147483647;
			files = (
				2822C58E2BDC75DE009C71DA /* SFSafeSymbols in Frameworks */,
				2831B15C2B751B7F0020DECD /* Defaults in Frameworks */,
				28F9913C2C30D805004C76ED /* KeyboardShortcuts in Frameworks */,
				C66F02AF2A3B5B4D00077CE3 /* LaunchAtLogin in Frameworks */,
				287EADA52C27B48F00D64BED /* SwiftUIIntrospect in Frameworks */,
			);
			runOnlyForDeploymentPostprocessing = 0;
		};
/* End PBXFrameworksBuildPhase section */

/* Begin PBXGroup section */
		2842500E2C253F3E008FEE08 /* Settings */ = {
			isa = PBXGroup;
			children = (
				2842500F2C253F79008FEE08 /* SettingsView.swift */,
				284250142C2547F1008FEE08 /* SettingsViewController.swift */,
				2840D7142C267F350087EE50 /* SettingsTrafficsView.swift */,
				28C4AC022C270C9B006AFF87 /* SettingsVersionView.swift */,
				28C90F672C26CC4D000AC2E3 /* Sections */,
				284E2FF62C2FB17F00BB582C /* Controls */,
				28C90F682C26D379000AC2E3 /* Views */,
				28CAF5532C297081002BD78C /* Tips */,
			);
			path = Settings;
			sourceTree = "<group>";
		};
		284E2FE82C2F9C1700BB582C /* Formattable */ = {
			isa = PBXGroup;
			children = (
				284E2FE62C2F9B9100BB582C /* Formattable.swift */,
				282E92902C27D75E00C21EE5 /* TimeFormat.swift */,
				284E2FE42C2F9A5C00BB582C /* UnitFormat.swift */,
			);
			path = Formattable;
			sourceTree = "<group>";
		};
		284E2FF32C2FAB7700BB582C /* SwiftUI */ = {
			isa = PBXGroup;
			children = (
				284E2FF42C2FAB8900BB582C /* EnvironmentValues+Extention.swift */,
			);
			path = SwiftUI;
			sourceTree = "<group>";
		};
		284E2FF62C2FB17F00BB582C /* Controls */ = {
			isa = PBXGroup;
			children = (
				284E2FF72C2FB1A200BB582C /* ActiveStrategyControl.swift */,
				284E2FF92C2FB20600BB582C /* StartsWithMacOSControl.swift */,
				284E2FFB2C2FB2BC00BB582C /* TimeoutControl.swift */,
				284E2FFD2C2FB32F00BB582C /* ThemeControl.swift */,
				284E2FFF2C2FB3AC00BB582C /* FeedbackControl.swift */,
				284E30012C2FB42400BB582C /* AutoShowsControl.swift */,
				284E30032C2FB45700BB582C /* AlwaysHideAreaControl.swift */,
				284E30052C2FB48E00BB582C /* DeadZoneControl.swift */,
				284D6CB02C3044CF00DBEBE3 /* RespectNotchControl.swift */,
				28F9913F2C30D9D2004C76ED /* ShortcutsControl.swift */,
			);
			path = Controls;
			sourceTree = "<group>";
		};
		287B85D02C29A689001FD729 /* Managers */ = {
			isa = PBXGroup;
			children = (
				284630122C27A5B500A44198 /* ActivationPolicyManager.swift */,
				287B85CA2C29A606001FD729 /* ScreenManager.swift */,
				287B85CC2C29A643001FD729 /* KeyboardManager.swift */,
				287B85CE2C29A676001FD729 /* MouseManager.swift */,
				287B85D12C29A6A0001FD729 /* VersionManager.swift */,
				287B85D42C29A707001FD729 /* MathHelper.swift */,
				28CB53A42C2B938300F32A71 /* AppManager.swift */,
				28F991452C30F872004C76ED /* ExternalMenuBarManager.swift */,
			);
			path = Managers;
			sourceTree = "<group>";
		};
		28C90F672C26CC4D000AC2E3 /* Sections */ = {
			isa = PBXGroup;
			children = (
				2840D70E2C267ECB0087EE50 /* ModifierSection.swift */,
				2840D7122C267EE90087EE50 /* GeneralSection.swift */,
				2840D7102C267EE00087EE50 /* AdvancedSection.swift */,
				28743ED62C28F09500366A69 /* FunctionsSection.swift */,
				28743ED82C28F0F900366A69 /* BehaviorsSection.swift */,
				28F991412C30DE71004C76ED /* ShortcutsSection.swift */,
			);
			path = Sections;
			sourceTree = "<group>";
		};
		28C90F682C26D379000AC2E3 /* Views */ = {
			isa = PBXGroup;
			children = (
				28C90F692C26D394000AC2E3 /* Box.swift */,
				28925BAD2C27F00C008FCC69 /* TipWrapper.swift */,
				282CB71F2C283B7600AF381D /* EmptyFormWrapper.swift */,
				282CB7212C2844B700AF381D /* SpacingVStack.swift */,
			);
			path = Views;
			sourceTree = "<group>";
		};
		28C90F6E2C270604000AC2E3 /* Foundation */ = {
			isa = PBXGroup;
			children = (
				2840D70C2C2679F50087EE50 /* Bool+Extensions.swift */,
				28C90F6F2C270614000AC2E3 /* Bundle+Extensions.swift */,
				287B85D82C29A888001FD729 /* URL+Extensions.swift */,
				284E2FE22C2F95D300BB582C /* Range+Extensions.swift */,
				284E30092C2FC48000BB582C /* Double+Extensions.swift */,
			);
			path = Foundation;
			sourceTree = "<group>";
		};
		28CAF5532C297081002BD78C /* Tips */ = {
			isa = PBXGroup;
			children = (
				28CAF5542C297093002BD78C /* TipTitle.swift */,
				28CAF5562C297768002BD78C /* TipFeedbackTitle.swift */,
				28CAF5582C297809002BD78C /* TipTimeoutTitle.swift */,
				284E30072C2FBA4300BB582C /* TipDeadZoneTitle.swift */,
			);
			path = Tips;
			sourceTree = "<group>";
		};
		28CB53A22C2B930C00F32A71 /* Miscellaneous */ = {
			isa = PBXGroup;
			children = (
				284E2FE82C2F9C1700BB582C /* Formattable */,
				C6DEC5362A3A05D300943448 /* Events */,
				282E928B2C27CA9100C21EE5 /* ObservationTrackingStream.swift */,
				28F991432C30F83B004C76ED /* WindowInfo.swift */,
			);
			path = Miscellaneous;
			sourceTree = "<group>";
		};
		28CB53A32C2B935700F32A71 /* AppKit */ = {
			isa = PBXGroup;
			children = (
				C6B3E79A2A3D83C400B650BC /* NSRect+Extension.swift */,
				C63B40522A4060E400BCAE79 /* NSStatusItem+Extension.swift */,
				2852BDE82AD97A0E00AA8AD1 /* NSSlider+Extension.swift */,
				28E929242C30169400847A67 /* NSScreen+Extensions.swift */,
			);
			path = AppKit;
			sourceTree = "<group>";
		};
		C66CAB972A38871500E4D8E6 = {
			isa = PBXGroup;
			children = (
				C66CABAC2A38871500E4D8E6 /* Abyssal.entitlements */,
				C66CABA22A38871500E4D8E6 /* Abyssal */,
				C66CABA12A38871500E4D8E6 /* Products */,
			);
			sourceTree = "<group>";
		};
		C66CABA12A38871500E4D8E6 /* Products */ = {
			isa = PBXGroup;
			children = (
				C66CABA02A38871500E4D8E6 /* Abyssal.app */,
			);
			name = Products;
			sourceTree = "<group>";
		};
		C66CABA22A38871500E4D8E6 /* Abyssal */ = {
			isa = PBXGroup;
			children = (
				283A1ECB2C2EE00E00A34C0A /* main.swift */,
				C66CABA32A38871500E4D8E6 /* AppDelegate.swift */,
				2842500E2C253F3E008FEE08 /* Settings */,
				C6DEC5392A3A0B2300943448 /* Menu Bar */,
				C6DEC5372A3A05E200943448 /* Contents */,
				287B85D02C29A689001FD729 /* Managers */,
				28CB53A22C2B930C00F32A71 /* Miscellaneous */,
				C6DEC52D2A39C83100943448 /* Extensions */,
				C66CABA72A38871500E4D8E6 /* Assets.xcassets */,
				C69873BB2A42880C00C5E259 /* Localizable.xcstrings */,
			);
			path = Abyssal;
			sourceTree = "<group>";
		};
		C6DEC52D2A39C83100943448 /* Extensions */ = {
			isa = PBXGroup;
			children = (
				284E2FF32C2FAB7700BB582C /* SwiftUI */,
				28C90F6E2C270604000AC2E3 /* Foundation */,
				28CB53A32C2B935700F32A71 /* AppKit */,
				2831B15D2B751B990020DECD /* Defaults+Extensions.swift */,
				2831B15F2B7521890020DECD /* Defaults+Structures.swift */,
				28F9913D2C30D929004C76ED /* KeyboardShortcuts+Extensions.swift */,
			);
			path = Extensions;
			sourceTree = "<group>";
		};
		C6DEC5362A3A05D300943448 /* Events */ = {
			isa = PBXGroup;
			children = (
				C66CABB62A389F2500E4D8E6 /* EventMonitor.swift */,
			);
			path = Events;
			sourceTree = "<group>";
		};
		C6DEC5372A3A05E200943448 /* Contents */ = {
			isa = PBXGroup;
			children = (
				28ACE7862AE9490700DC8C1A /* Separator.swift */,
				C6CDD0612A3F2F9000ED97F0 /* Theme.swift */,
				2822C58F2BDC7748009C71DA /* Icon.swift */,
				282E92892C27C25000C21EE5 /* Tip.swift */,
			);
			path = Contents;
			sourceTree = "<group>";
		};
		C6DEC5392A3A0B2300943448 /* Menu Bar */ = {
			isa = PBXGroup;
			children = (
				C6DEC5292A38BF6C00943448 /* StatusBarController.swift */,
				C6DEC53C2A3A0E8900943448 /* StatusBarController+Animations.swift */,
				C6E2C02F2A3EE9F1007D4E1B /* StatusBarController+StateManagers.swift */,
			);
			path = "Menu Bar";
			sourceTree = "<group>";
		};
/* End PBXGroup section */

/* Begin PBXNativeTarget section */
		C66CAB9F2A38871500E4D8E6 /* Abyssal */ = {
			isa = PBXNativeTarget;
			buildConfigurationList = C66CABAF2A38871500E4D8E6 /* Build configuration list for PBXNativeTarget "Abyssal" */;
			buildPhases = (
				C66CAB9C2A38871500E4D8E6 /* Sources */,
				C66CAB9D2A38871500E4D8E6 /* Frameworks */,
				C66CAB9E2A38871500E4D8E6 /* Resources */,
			);
			buildRules = (
			);
			dependencies = (
			);
			name = Abyssal;
			packageProductDependencies = (
				C66F02AE2A3B5B4D00077CE3 /* LaunchAtLogin */,
				2831B15B2B751B7F0020DECD /* Defaults */,
				2822C58D2BDC75DE009C71DA /* SFSafeSymbols */,
				287EADA42C27B48F00D64BED /* SwiftUIIntrospect */,
				28F9913B2C30D805004C76ED /* KeyboardShortcuts */,
			);
			productName = BarStalker;
			productReference = C66CABA02A38871500E4D8E6 /* Abyssal.app */;
			productType = "com.apple.product-type.application";
		};
/* End PBXNativeTarget section */

/* Begin PBXProject section */
		C66CAB982A38871500E4D8E6 /* Project object */ = {
			isa = PBXProject;
			attributes = {
				BuildIndependentTargetsInParallel = 1;
				LastSwiftUpdateCheck = 1500;
				LastUpgradeCheck = 1600;
				TargetAttributes = {
					C66CAB9F2A38871500E4D8E6 = {
						CreatedOnToolsVersion = 15.0;
					};
				};
			};
			buildConfigurationList = C66CAB9B2A38871500E4D8E6 /* Build configuration list for PBXProject "Abyssal" */;
			compatibilityVersion = "Xcode 14.0";
			developmentRegion = en;
			hasScannedForEncodings = 0;
			knownRegions = (
				en,
				Base,
				"zh-Hans",
			);
			mainGroup = C66CAB972A38871500E4D8E6;
			packageReferences = (
				C66F02AD2A3B5B4D00077CE3 /* XCRemoteSwiftPackageReference "LaunchAtLogin" */,
				2831B15A2B751B7F0020DECD /* XCRemoteSwiftPackageReference "Defaults" */,
				2822C58C2BDC75DE009C71DA /* XCRemoteSwiftPackageReference "SFSafeSymbols" */,
				287EADA32C27B48F00D64BED /* XCRemoteSwiftPackageReference "swiftui-introspect" */,
				28F9913A2C30D805004C76ED /* XCRemoteSwiftPackageReference "KeyboardShortcuts" */,
			);
			productRefGroup = C66CABA12A38871500E4D8E6 /* Products */;
			projectDirPath = "";
			projectRoot = "";
			targets = (
				C66CAB9F2A38871500E4D8E6 /* Abyssal */,
			);
		};
/* End PBXProject section */

/* Begin PBXResourcesBuildPhase section */
		C66CAB9E2A38871500E4D8E6 /* Resources */ = {
			isa = PBXResourcesBuildPhase;
			buildActionMask = 2147483647;
			files = (
				282D880A2AD58BEA0015111C /* Assets.xcassets in Resources */,
				C69873BC2A42880C00C5E259 /* Localizable.xcstrings in Resources */,
			);
			runOnlyForDeploymentPostprocessing = 0;
		};
/* End PBXResourcesBuildPhase section */

/* Begin PBXSourcesBuildPhase section */
		C66CAB9C2A38871500E4D8E6 /* Sources */ = {
			isa = PBXSourcesBuildPhase;
			buildActionMask = 2147483647;
			files = (
				282CB7222C2844B700AF381D /* SpacingVStack.swift in Sources */,
				287B85D92C29A888001FD729 /* URL+Extensions.swift in Sources */,
				2840D7152C267F350087EE50 /* SettingsTrafficsView.swift in Sources */,
				284250102C253F79008FEE08 /* SettingsView.swift in Sources */,
				C6B3E79B2A3D83C400B650BC /* NSRect+Extension.swift in Sources */,
				C6DEC53D2A3A0E8900943448 /* StatusBarController+Animations.swift in Sources */,
				282CB7202C283B7600AF381D /* EmptyFormWrapper.swift in Sources */,
				284E2FFC2C2FB2BC00BB582C /* TimeoutControl.swift in Sources */,
				284E30022C2FB42400BB582C /* AutoShowsControl.swift in Sources */,
				28C90F702C270614000AC2E3 /* Bundle+Extensions.swift in Sources */,
				28F991442C30F83B004C76ED /* WindowInfo.swift in Sources */,
				C66CABB72A389F2500E4D8E6 /* EventMonitor.swift in Sources */,
				28743ED92C28F0F900366A69 /* BehaviorsSection.swift in Sources */,
				284E2FFA2C2FB20600BB582C /* StartsWithMacOSControl.swift in Sources */,
				2840D7132C267EE90087EE50 /* GeneralSection.swift in Sources */,
				C6DEC52A2A38BF6C00943448 /* StatusBarController.swift in Sources */,
				284E2FFE2C2FB32F00BB582C /* ThemeControl.swift in Sources */,
				28C90F6A2C26D394000AC2E3 /* Box.swift in Sources */,
				284E2FE32C2F95D300BB582C /* Range+Extensions.swift in Sources */,
				2840D7112C267EE00087EE50 /* AdvancedSection.swift in Sources */,
				28CAF5592C297809002BD78C /* TipTimeoutTitle.swift in Sources */,
				2831B1602B7521890020DECD /* Defaults+Structures.swift in Sources */,
				28CAF5572C297768002BD78C /* TipFeedbackTitle.swift in Sources */,
				28925BAE2C27F00C008FCC69 /* TipWrapper.swift in Sources */,
				284E2FF52C2FAB8900BB582C /* EnvironmentValues+Extention.swift in Sources */,
				28E929252C30169400847A67 /* NSScreen+Extensions.swift in Sources */,
				C63B40532A4060E400BCAE79 /* NSStatusItem+Extension.swift in Sources */,
				283A1ECC2C2EE00E00A34C0A /* main.swift in Sources */,
				282E928A2C27C25000C21EE5 /* Tip.swift in Sources */,
				C6E2C0302A3EE9F1007D4E1B /* StatusBarController+StateManagers.swift in Sources */,
				28CB53A52C2B938300F32A71 /* AppManager.swift in Sources */,
				28F991462C30F872004C76ED /* ExternalMenuBarManager.swift in Sources */,
				28C4AC032C270C9B006AFF87 /* SettingsVersionView.swift in Sources */,
				282E928C2C27CA9100C21EE5 /* ObservationTrackingStream.swift in Sources */,
				2840D70D2C2679F50087EE50 /* Bool+Extensions.swift in Sources */,
				284E2FF82C2FB1A200BB582C /* ActiveStrategyControl.swift in Sources */,
				284D6CB12C3044CF00DBEBE3 /* RespectNotchControl.swift in Sources */,
				28743ED72C28F09500366A69 /* FunctionsSection.swift in Sources */,
				28F9913E2C30D929004C76ED /* KeyboardShortcuts+Extensions.swift in Sources */,
				C6CDD0622A3F2F9000ED97F0 /* Theme.swift in Sources */,
				284E2FE72C2F9B9100BB582C /* Formattable.swift in Sources */,
				287B85CF2C29A676001FD729 /* MouseManager.swift in Sources */,
				284E30042C2FB45700BB582C /* AlwaysHideAreaControl.swift in Sources */,
				28F991422C30DE71004C76ED /* ShortcutsSection.swift in Sources */,
				C66CABA42A38871500E4D8E6 /* AppDelegate.swift in Sources */,
				2831B15E2B751B990020DECD /* Defaults+Extensions.swift in Sources */,
				287B85D52C29A707001FD729 /* MathHelper.swift in Sources */,
				28F991402C30D9D2004C76ED /* ShortcutsControl.swift in Sources */,
				287B85CD2C29A643001FD729 /* KeyboardManager.swift in Sources */,
				284E30062C2FB48E00BB582C /* DeadZoneControl.swift in Sources */,
				2822C5902BDC7748009C71DA /* Icon.swift in Sources */,
				287B85CB2C29A606001FD729 /* ScreenManager.swift in Sources */,
				284E30002C2FB3AC00BB582C /* FeedbackControl.swift in Sources */,
				287B85D22C29A6A0001FD729 /* VersionManager.swift in Sources */,
				2840D70F2C267ECB0087EE50 /* ModifierSection.swift in Sources */,
				2852BDE92AD97A0E00AA8AD1 /* NSSlider+Extension.swift in Sources */,
				284E2FE52C2F9A5C00BB582C /* UnitFormat.swift in Sources */,
				284E30082C2FBA4300BB582C /* TipDeadZoneTitle.swift in Sources */,
				284E300A2C2FC48000BB582C /* Double+Extensions.swift in Sources */,
				284630132C27A5B500A44198 /* ActivationPolicyManager.swift in Sources */,
				28ACE7872AE9490700DC8C1A /* Separator.swift in Sources */,
				284250152C2547F1008FEE08 /* SettingsViewController.swift in Sources */,
				28CAF5552C297093002BD78C /* TipTitle.swift in Sources */,
				282E92912C27D75E00C21EE5 /* TimeFormat.swift in Sources */,
			);
			runOnlyForDeploymentPostprocessing = 0;
		};
/* End PBXSourcesBuildPhase section */

/* Begin XCBuildConfiguration section */
		C66CABAD2A38871500E4D8E6 /* Debug */ = {
			isa = XCBuildConfiguration;
			buildSettings = {
				ALWAYS_SEARCH_USER_PATHS = NO;
				ASSETCATALOG_COMPILER_GENERATE_SWIFT_ASSET_SYMBOL_EXTENSIONS = YES;
				CLANG_ANALYZER_LOCALIZABILITY_NONLOCALIZED = YES;
				CLANG_ANALYZER_NONNULL = YES;
				CLANG_ANALYZER_NUMBER_OBJECT_CONVERSION = YES_AGGRESSIVE;
				CLANG_CXX_LANGUAGE_STANDARD = "gnu++20";
				CLANG_ENABLE_MODULES = YES;
				CLANG_ENABLE_OBJC_ARC = YES;
				CLANG_ENABLE_OBJC_WEAK = YES;
				CLANG_WARN_BLOCK_CAPTURE_AUTORELEASING = YES;
				CLANG_WARN_BOOL_CONVERSION = YES;
				CLANG_WARN_COMMA = YES;
				CLANG_WARN_CONSTANT_CONVERSION = YES;
				CLANG_WARN_DEPRECATED_OBJC_IMPLEMENTATIONS = YES;
				CLANG_WARN_DIRECT_OBJC_ISA_USAGE = YES_ERROR;
				CLANG_WARN_DOCUMENTATION_COMMENTS = YES;
				CLANG_WARN_EMPTY_BODY = YES;
				CLANG_WARN_ENUM_CONVERSION = YES;
				CLANG_WARN_INFINITE_RECURSION = YES;
				CLANG_WARN_INT_CONVERSION = YES;
				CLANG_WARN_NON_LITERAL_NULL_CONVERSION = YES;
				CLANG_WARN_OBJC_IMPLICIT_RETAIN_SELF = YES;
				CLANG_WARN_OBJC_LITERAL_CONVERSION = YES;
				CLANG_WARN_OBJC_ROOT_CLASS = YES_ERROR;
				CLANG_WARN_QUOTED_INCLUDE_IN_FRAMEWORK_HEADER = YES;
				CLANG_WARN_RANGE_LOOP_ANALYSIS = YES;
				CLANG_WARN_STRICT_PROTOTYPES = YES;
				CLANG_WARN_SUSPICIOUS_MOVE = YES;
				CLANG_WARN_UNGUARDED_AVAILABILITY = YES_AGGRESSIVE;
				CLANG_WARN_UNREACHABLE_CODE = YES;
				CLANG_WARN__DUPLICATE_METHOD_MATCH = YES;
				COPY_PHASE_STRIP = NO;
				DEAD_CODE_STRIPPING = YES;
				DEBUG_INFORMATION_FORMAT = dwarf;
				ENABLE_STRICT_OBJC_MSGSEND = YES;
				ENABLE_TESTABILITY = YES;
				ENABLE_USER_SCRIPT_SANDBOXING = YES;
				GCC_C_LANGUAGE_STANDARD = gnu17;
				GCC_DYNAMIC_NO_PIC = NO;
				GCC_NO_COMMON_BLOCKS = YES;
				GCC_OPTIMIZATION_LEVEL = 0;
				GCC_PREPROCESSOR_DEFINITIONS = (
					"DEBUG=1",
					"$(inherited)",
				);
				GCC_WARN_64_TO_32_BIT_CONVERSION = YES;
				GCC_WARN_ABOUT_RETURN_TYPE = YES_ERROR;
				GCC_WARN_UNDECLARED_SELECTOR = YES;
				GCC_WARN_UNINITIALIZED_AUTOS = YES_AGGRESSIVE;
				GCC_WARN_UNUSED_FUNCTION = YES;
				GCC_WARN_UNUSED_VARIABLE = YES;
				LOCALIZATION_PREFERS_STRING_CATALOGS = YES;
				MACOSX_DEPLOYMENT_TARGET = 14.0;
				MTL_ENABLE_DEBUG_INFO = INCLUDE_SOURCE;
				MTL_FAST_MATH = YES;
				ONLY_ACTIVE_ARCH = YES;
				SDKROOT = macosx;
				SWIFT_ACTIVE_COMPILATION_CONDITIONS = "DEBUG $(inherited)";
				SWIFT_OPTIMIZATION_LEVEL = "-Onone";
			};
			name = Debug;
		};
		C66CABAE2A38871500E4D8E6 /* Release */ = {
			isa = XCBuildConfiguration;
			buildSettings = {
				ALWAYS_SEARCH_USER_PATHS = NO;
				ASSETCATALOG_COMPILER_GENERATE_SWIFT_ASSET_SYMBOL_EXTENSIONS = YES;
				CLANG_ANALYZER_LOCALIZABILITY_NONLOCALIZED = YES;
				CLANG_ANALYZER_NONNULL = YES;
				CLANG_ANALYZER_NUMBER_OBJECT_CONVERSION = YES_AGGRESSIVE;
				CLANG_CXX_LANGUAGE_STANDARD = "gnu++20";
				CLANG_ENABLE_MODULES = YES;
				CLANG_ENABLE_OBJC_ARC = YES;
				CLANG_ENABLE_OBJC_WEAK = YES;
				CLANG_WARN_BLOCK_CAPTURE_AUTORELEASING = YES;
				CLANG_WARN_BOOL_CONVERSION = YES;
				CLANG_WARN_COMMA = YES;
				CLANG_WARN_CONSTANT_CONVERSION = YES;
				CLANG_WARN_DEPRECATED_OBJC_IMPLEMENTATIONS = YES;
				CLANG_WARN_DIRECT_OBJC_ISA_USAGE = YES_ERROR;
				CLANG_WARN_DOCUMENTATION_COMMENTS = YES;
				CLANG_WARN_EMPTY_BODY = YES;
				CLANG_WARN_ENUM_CONVERSION = YES;
				CLANG_WARN_INFINITE_RECURSION = YES;
				CLANG_WARN_INT_CONVERSION = YES;
				CLANG_WARN_NON_LITERAL_NULL_CONVERSION = YES;
				CLANG_WARN_OBJC_IMPLICIT_RETAIN_SELF = YES;
				CLANG_WARN_OBJC_LITERAL_CONVERSION = YES;
				CLANG_WARN_OBJC_ROOT_CLASS = YES_ERROR;
				CLANG_WARN_QUOTED_INCLUDE_IN_FRAMEWORK_HEADER = YES;
				CLANG_WARN_RANGE_LOOP_ANALYSIS = YES;
				CLANG_WARN_STRICT_PROTOTYPES = YES;
				CLANG_WARN_SUSPICIOUS_MOVE = YES;
				CLANG_WARN_UNGUARDED_AVAILABILITY = YES_AGGRESSIVE;
				CLANG_WARN_UNREACHABLE_CODE = YES;
				CLANG_WARN__DUPLICATE_METHOD_MATCH = YES;
				COPY_PHASE_STRIP = NO;
				DEAD_CODE_STRIPPING = YES;
				DEBUG_INFORMATION_FORMAT = "dwarf-with-dsym";
				ENABLE_NS_ASSERTIONS = NO;
				ENABLE_STRICT_OBJC_MSGSEND = YES;
				ENABLE_USER_SCRIPT_SANDBOXING = YES;
				GCC_C_LANGUAGE_STANDARD = gnu17;
				GCC_NO_COMMON_BLOCKS = YES;
				GCC_WARN_64_TO_32_BIT_CONVERSION = YES;
				GCC_WARN_ABOUT_RETURN_TYPE = YES_ERROR;
				GCC_WARN_UNDECLARED_SELECTOR = YES;
				GCC_WARN_UNINITIALIZED_AUTOS = YES_AGGRESSIVE;
				GCC_WARN_UNUSED_FUNCTION = YES;
				GCC_WARN_UNUSED_VARIABLE = YES;
				LOCALIZATION_PREFERS_STRING_CATALOGS = YES;
				MACOSX_DEPLOYMENT_TARGET = 14.0;
				MTL_ENABLE_DEBUG_INFO = NO;
				MTL_FAST_MATH = YES;
				SDKROOT = macosx;
				SWIFT_COMPILATION_MODE = wholemodule;
			};
			name = Release;
		};
		C66CABB02A38871500E4D8E6 /* Debug */ = {
			isa = XCBuildConfiguration;
			buildSettings = {
				ASSETCATALOG_COMPILER_APPICON_NAME = AppIcon;
				ASSETCATALOG_COMPILER_GLOBAL_ACCENT_COLOR_NAME = AccentColor;
				CODE_SIGN_ENTITLEMENTS = Abyssal.entitlements;
				"CODE_SIGN_IDENTITY[sdk=macosx*]" = "Apple Development";
				CODE_SIGN_STYLE = Automatic;
				COMBINE_HIDPI_IMAGES = YES;
				CURRENT_PROJECT_VERSION = 1;
				DEAD_CODE_STRIPPING = YES;
				DEVELOPMENT_TEAM = 7XRF3J9RS4;
				ENABLE_HARDENED_RUNTIME = YES;
				GENERATE_INFOPLIST_FILE = YES;
				INFOPLIST_FILE = Abyssal/Info.plist;
				INFOPLIST_KEY_CFBundleDisplayName = Abyssal;
				INFOPLIST_KEY_LSApplicationCategoryType = "public.app-category.utilities";
				INFOPLIST_KEY_LSUIElement = YES;
				INFOPLIST_KEY_NSHumanReadableCopyright = "";
				INFOPLIST_KEY_NSMainStoryboardFile = Main;
				INFOPLIST_KEY_NSPrincipalClass = NSApplication;
				LD_RUNPATH_SEARCH_PATHS = (
					"$(inherited)",
					"@executable_path/../Frameworks",
				);
				MACOSX_DEPLOYMENT_TARGET = 14.0;
				MARKETING_VERSION = 4.0.0;
				PRODUCT_BUNDLE_IDENTIFIER = labs.cement.Abyssal;
				PRODUCT_NAME = "$(TARGET_NAME)";
				SWIFT_EMIT_LOC_STRINGS = YES;
				SWIFT_VERSION = 5.0;
			};
			name = Debug;
		};
		C66CABB12A38871500E4D8E6 /* Release */ = {
			isa = XCBuildConfiguration;
			buildSettings = {
				ASSETCATALOG_COMPILER_APPICON_NAME = AppIcon;
				ASSETCATALOG_COMPILER_GLOBAL_ACCENT_COLOR_NAME = AccentColor;
				CODE_SIGN_ENTITLEMENTS = Abyssal.entitlements;
				"CODE_SIGN_IDENTITY[sdk=macosx*]" = "Apple Development";
				CODE_SIGN_STYLE = Automatic;
				COMBINE_HIDPI_IMAGES = YES;
				CURRENT_PROJECT_VERSION = 1;
				DEAD_CODE_STRIPPING = YES;
				DEVELOPMENT_TEAM = 7XRF3J9RS4;
				ENABLE_HARDENED_RUNTIME = YES;
				GENERATE_INFOPLIST_FILE = YES;
				INFOPLIST_FILE = Abyssal/Info.plist;
				INFOPLIST_KEY_CFBundleDisplayName = Abyssal;
				INFOPLIST_KEY_LSApplicationCategoryType = "public.app-category.utilities";
				INFOPLIST_KEY_LSUIElement = YES;
				INFOPLIST_KEY_NSHumanReadableCopyright = "";
				INFOPLIST_KEY_NSMainStoryboardFile = Main;
				INFOPLIST_KEY_NSPrincipalClass = NSApplication;
				LD_RUNPATH_SEARCH_PATHS = (
					"$(inherited)",
					"@executable_path/../Frameworks",
				);
				MACOSX_DEPLOYMENT_TARGET = 14.0;
				MARKETING_VERSION = 4.0.0;
				PRODUCT_BUNDLE_IDENTIFIER = labs.cement.Abyssal;
				PRODUCT_NAME = "$(TARGET_NAME)";
				SWIFT_EMIT_LOC_STRINGS = YES;
				SWIFT_VERSION = 5.0;
			};
			name = Release;
		};
/* End XCBuildConfiguration section */

/* Begin XCConfigurationList section */
		C66CAB9B2A38871500E4D8E6 /* Build configuration list for PBXProject "Abyssal" */ = {
			isa = XCConfigurationList;
			buildConfigurations = (
				C66CABAD2A38871500E4D8E6 /* Debug */,
				C66CABAE2A38871500E4D8E6 /* Release */,
			);
			defaultConfigurationIsVisible = 0;
			defaultConfigurationName = Release;
		};
		C66CABAF2A38871500E4D8E6 /* Build configuration list for PBXNativeTarget "Abyssal" */ = {
			isa = XCConfigurationList;
			buildConfigurations = (
				C66CABB02A38871500E4D8E6 /* Debug */,
				C66CABB12A38871500E4D8E6 /* Release */,
			);
			defaultConfigurationIsVisible = 0;
			defaultConfigurationName = Release;
		};
/* End XCConfigurationList section */

/* Begin XCRemoteSwiftPackageReference section */
		2822C58C2BDC75DE009C71DA /* XCRemoteSwiftPackageReference "SFSafeSymbols" */ = {
			isa = XCRemoteSwiftPackageReference;
			repositoryURL = "https://github.com/SFSafeSymbols/SFSafeSymbols";
			requirement = {
				kind = upToNextMajorVersion;
				minimumVersion = 5.2.0;
			};
		};
		2831B15A2B751B7F0020DECD /* XCRemoteSwiftPackageReference "Defaults" */ = {
			isa = XCRemoteSwiftPackageReference;
			repositoryURL = "https://github.com/sindresorhus/Defaults";
			requirement = {
				branch = main;
				kind = branch;
			};
		};
		287EADA32C27B48F00D64BED /* XCRemoteSwiftPackageReference "swiftui-introspect" */ = {
			isa = XCRemoteSwiftPackageReference;
			repositoryURL = "https://github.com/siteline/swiftui-introspect";
			requirement = {
				kind = upToNextMajorVersion;
				minimumVersion = 1.2.0;
			};
		};
		28F9913A2C30D805004C76ED /* XCRemoteSwiftPackageReference "KeyboardShortcuts" */ = {
			isa = XCRemoteSwiftPackageReference;
			repositoryURL = "https://github.com/sindresorhus/KeyboardShortcuts";
			requirement = {
				kind = upToNextMajorVersion;
				minimumVersion = 2.0.1;
			};
		};
		C66F02AD2A3B5B4D00077CE3 /* XCRemoteSwiftPackageReference "LaunchAtLogin" */ = {
			isa = XCRemoteSwiftPackageReference;
			repositoryURL = "https://github.com/sindresorhus/LaunchAtLogin";
			requirement = {
				branch = main;
				kind = branch;
			};
		};
/* End XCRemoteSwiftPackageReference section */

/* Begin XCSwiftPackageProductDependency section */
		2822C58D2BDC75DE009C71DA /* SFSafeSymbols */ = {
			isa = XCSwiftPackageProductDependency;
			package = 2822C58C2BDC75DE009C71DA /* XCRemoteSwiftPackageReference "SFSafeSymbols" */;
			productName = SFSafeSymbols;
		};
		2831B15B2B751B7F0020DECD /* Defaults */ = {
			isa = XCSwiftPackageProductDependency;
			package = 2831B15A2B751B7F0020DECD /* XCRemoteSwiftPackageReference "Defaults" */;
			productName = Defaults;
		};
		287EADA42C27B48F00D64BED /* SwiftUIIntrospect */ = {
			isa = XCSwiftPackageProductDependency;
			package = 287EADA32C27B48F00D64BED /* XCRemoteSwiftPackageReference "swiftui-introspect" */;
			productName = SwiftUIIntrospect;
		};
		28F9913B2C30D805004C76ED /* KeyboardShortcuts */ = {
			isa = XCSwiftPackageProductDependency;
			package = 28F9913A2C30D805004C76ED /* XCRemoteSwiftPackageReference "KeyboardShortcuts" */;
			productName = KeyboardShortcuts;
		};
		C66F02AE2A3B5B4D00077CE3 /* LaunchAtLogin */ = {
			isa = XCSwiftPackageProductDependency;
			package = C66F02AD2A3B5B4D00077CE3 /* XCRemoteSwiftPackageReference "LaunchAtLogin" */;
			productName = LaunchAtLogin;
		};
/* End XCSwiftPackageProductDependency section */
	};
	rootObject = C66CAB982A38871500E4D8E6 /* Project object */;
}
